<Project xmlns="http://schemas.microsoft.com/developer/msbuild/2003">
    <PropertyGroup>
        <ProjectGuid>{7E3F2432-6ACF-4D35-8079-8ED200AF0706}</ProjectGuid>
        <ProjectVersion>18.2</ProjectVersion>
        <FrameworkType>FMX</FrameworkType>
        <MainSource>TQM.dpr</MainSource>
        <Base>True</Base>
        <Config Condition="'$(Config)'==''">Release</Config>
        <Platform Condition="'$(Platform)'==''">Android</Platform>
        <TargetedPlatforms>1119</TargetedPlatforms>
        <AppType>Application</AppType>
    </PropertyGroup>
    <PropertyGroup Condition="'$(Config)'=='Base' or '$(Base)'!=''">
        <Base>true</Base>
    </PropertyGroup>
    <PropertyGroup Condition="('$(Platform)'=='Android' and '$(Base)'=='true') or '$(Base_Android)'!=''">
        <Base_Android>true</Base_Android>
        <CfgParent>Base</CfgParent>
        <Base>true</Base>
    </PropertyGroup>
    <PropertyGroup Condition="('$(Platform)'=='iOSDevice32' and '$(Base)'=='true') or '$(Base_iOSDevice32)'!=''">
        <Base_iOSDevice32>true</Base_iOSDevice32>
        <CfgParent>Base</CfgParent>
        <Base>true</Base>
    </PropertyGroup>
    <PropertyGroup Condition="('$(Platform)'=='iOSDevice64' and '$(Base)'=='true') or '$(Base_iOSDevice64)'!=''">
        <Base_iOSDevice64>true</Base_iOSDevice64>
        <CfgParent>Base</CfgParent>
        <Base>true</Base>
    </PropertyGroup>
    <PropertyGroup Condition="('$(Platform)'=='iOSSimulator' and '$(Base)'=='true') or '$(Base_iOSSimulator)'!=''">
        <Base_iOSSimulator>true</Base_iOSSimulator>
        <CfgParent>Base</CfgParent>
        <Base>true</Base>
    </PropertyGroup>
    <PropertyGroup Condition="('$(Platform)'=='OSX32' and '$(Base)'=='true') or '$(Base_OSX32)'!=''">
        <Base_OSX32>true</Base_OSX32>
        <CfgParent>Base</CfgParent>
        <Base>true</Base>
    </PropertyGroup>
    <PropertyGroup Condition="('$(Platform)'=='Win32' and '$(Base)'=='true') or '$(Base_Win32)'!=''">
        <Base_Win32>true</Base_Win32>
        <CfgParent>Base</CfgParent>
        <Base>true</Base>
    </PropertyGroup>
    <PropertyGroup Condition="('$(Platform)'=='Win64' and '$(Base)'=='true') or '$(Base_Win64)'!=''">
        <Base_Win64>true</Base_Win64>
        <CfgParent>Base</CfgParent>
        <Base>true</Base>
    </PropertyGroup>
    <PropertyGroup Condition="'$(Config)'=='Debug' or '$(Cfg_1)'!=''">
        <Cfg_1>true</Cfg_1>
        <CfgParent>Base</CfgParent>
        <Base>true</Base>
    </PropertyGroup>
    <PropertyGroup Condition="('$(Platform)'=='Android' and '$(Cfg_1)'=='true') or '$(Cfg_1_Android)'!=''">
        <Cfg_1_Android>true</Cfg_1_Android>
        <CfgParent>Cfg_1</CfgParent>
        <Cfg_1>true</Cfg_1>
        <Base>true</Base>
    </PropertyGroup>
    <PropertyGroup Condition="('$(Platform)'=='iOSDevice32' and '$(Cfg_1)'=='true') or '$(Cfg_1_iOSDevice32)'!=''">
        <Cfg_1_iOSDevice32>true</Cfg_1_iOSDevice32>
        <CfgParent>Cfg_1</CfgParent>
        <Cfg_1>true</Cfg_1>
        <Base>true</Base>
    </PropertyGroup>
    <PropertyGroup Condition="('$(Platform)'=='iOSDevice64' and '$(Cfg_1)'=='true') or '$(Cfg_1_iOSDevice64)'!=''">
        <Cfg_1_iOSDevice64>true</Cfg_1_iOSDevice64>
        <CfgParent>Cfg_1</CfgParent>
        <Cfg_1>true</Cfg_1>
        <Base>true</Base>
    </PropertyGroup>
    <PropertyGroup Condition="('$(Platform)'=='iOSSimulator' and '$(Cfg_1)'=='true') or '$(Cfg_1_iOSSimulator)'!=''">
        <Cfg_1_iOSSimulator>true</Cfg_1_iOSSimulator>
        <CfgParent>Cfg_1</CfgParent>
        <Cfg_1>true</Cfg_1>
        <Base>true</Base>
    </PropertyGroup>
    <PropertyGroup Condition="('$(Platform)'=='OSX32' and '$(Cfg_1)'=='true') or '$(Cfg_1_OSX32)'!=''">
        <Cfg_1_OSX32>true</Cfg_1_OSX32>
        <CfgParent>Cfg_1</CfgParent>
        <Cfg_1>true</Cfg_1>
        <Base>true</Base>
    </PropertyGroup>
    <PropertyGroup Condition="('$(Platform)'=='Win32' and '$(Cfg_1)'=='true') or '$(Cfg_1_Win32)'!=''">
        <Cfg_1_Win32>true</Cfg_1_Win32>
        <CfgParent>Cfg_1</CfgParent>
        <Cfg_1>true</Cfg_1>
        <Base>true</Base>
    </PropertyGroup>
    <PropertyGroup Condition="('$(Platform)'=='Win64' and '$(Cfg_1)'=='true') or '$(Cfg_1_Win64)'!=''">
        <Cfg_1_Win64>true</Cfg_1_Win64>
        <CfgParent>Cfg_1</CfgParent>
        <Cfg_1>true</Cfg_1>
        <Base>true</Base>
    </PropertyGroup>
    <PropertyGroup Condition="'$(Config)'=='Release' or '$(Cfg_2)'!=''">
        <Cfg_2>true</Cfg_2>
        <CfgParent>Base</CfgParent>
        <Base>true</Base>
    </PropertyGroup>
    <PropertyGroup Condition="('$(Platform)'=='Android' and '$(Cfg_2)'=='true') or '$(Cfg_2_Android)'!=''">
        <Cfg_2_Android>true</Cfg_2_Android>
        <CfgParent>Cfg_2</CfgParent>
        <Cfg_2>true</Cfg_2>
        <Base>true</Base>
    </PropertyGroup>
    <PropertyGroup Condition="('$(Platform)'=='iOSDevice32' and '$(Cfg_2)'=='true') or '$(Cfg_2_iOSDevice32)'!=''">
        <Cfg_2_iOSDevice32>true</Cfg_2_iOSDevice32>
        <CfgParent>Cfg_2</CfgParent>
        <Cfg_2>true</Cfg_2>
        <Base>true</Base>
    </PropertyGroup>
    <PropertyGroup Condition="('$(Platform)'=='iOSDevice64' and '$(Cfg_2)'=='true') or '$(Cfg_2_iOSDevice64)'!=''">
        <Cfg_2_iOSDevice64>true</Cfg_2_iOSDevice64>
        <CfgParent>Cfg_2</CfgParent>
        <Cfg_2>true</Cfg_2>
        <Base>true</Base>
    </PropertyGroup>
    <PropertyGroup Condition="('$(Platform)'=='iOSSimulator' and '$(Cfg_2)'=='true') or '$(Cfg_2_iOSSimulator)'!=''">
        <Cfg_2_iOSSimulator>true</Cfg_2_iOSSimulator>
        <CfgParent>Cfg_2</CfgParent>
        <Cfg_2>true</Cfg_2>
        <Base>true</Base>
    </PropertyGroup>
    <PropertyGroup Condition="('$(Platform)'=='OSX32' and '$(Cfg_2)'=='true') or '$(Cfg_2_OSX32)'!=''">
        <Cfg_2_OSX32>true</Cfg_2_OSX32>
        <CfgParent>Cfg_2</CfgParent>
        <Cfg_2>true</Cfg_2>
        <Base>true</Base>
    </PropertyGroup>
    <PropertyGroup Condition="('$(Platform)'=='Win32' and '$(Cfg_2)'=='true') or '$(Cfg_2_Win32)'!=''">
        <Cfg_2_Win32>true</Cfg_2_Win32>
        <CfgParent>Cfg_2</CfgParent>
        <Cfg_2>true</Cfg_2>
        <Base>true</Base>
    </PropertyGroup>
    <PropertyGroup Condition="('$(Platform)'=='Win64' and '$(Cfg_2)'=='true') or '$(Cfg_2_Win64)'!=''">
        <Cfg_2_Win64>true</Cfg_2_Win64>
        <CfgParent>Cfg_2</CfgParent>
        <Cfg_2>true</Cfg_2>
        <Base>true</Base>
    </PropertyGroup>
    <PropertyGroup Condition="'$(Base)'!=''">
        <OrientationPortrait>true</OrientationPortrait>
        <DCC_UnitSearchPath>$(BDS)\Components\FGX\Delphi10S\Library;$(BDS)\Components\FGX\Delphi10S\Design;$(BDS)\Components\KernowSoftwareFMX;C:\ARANDEE\Cliente;$(DCC_UnitSearchPath)</DCC_UnitSearchPath>
        <AUP_ACCESS_FINE_LOCATION>true</AUP_ACCESS_FINE_LOCATION>
        <AUP_READ_PHONE_STATE>true</AUP_READ_PHONE_STATE>
        <AUP_WRITE_EXTERNAL_STORAGE>true</AUP_WRITE_EXTERNAL_STORAGE>
        <AUP_CAMERA>true</AUP_CAMERA>
        <Icns_MainIcns>$(BDS)\bin\delphi_PROJECTICNS.icns</Icns_MainIcns>
        <AUP_READ_CALENDAR>true</AUP_READ_CALENDAR>
        <SanitizedProjectName>TQM</SanitizedProjectName>
        <AUP_READ_EXTERNAL_STORAGE>true</AUP_READ_EXTERNAL_STORAGE>
        <AUP_INTERNET>true</AUP_INTERNET>
        <AUP_ACCESS_COARSE_LOCATION>true</AUP_ACCESS_COARSE_LOCATION>
        <DCC_Namespace>System;Xml;Data;Datasnap;Web;Soap;$(DCC_Namespace)</DCC_Namespace>
        <AUP_CALL_PHONE>true</AUP_CALL_PHONE>
        <AUP_WRITE_CALENDAR>true</AUP_WRITE_CALENDAR>
        <Icon_MainIcon>$(BDS)\bin\delphi_PROJECTICON.ico</Icon_MainIcon>
        <DCC_DcuOutput>.\$(Platform)\$(Config)</DCC_DcuOutput>
        <DCC_ExeOutput>.\$(Platform)\$(Config)</DCC_ExeOutput>
        <DCC_E>false</DCC_E>
        <DCC_N>false</DCC_N>
        <DCC_S>false</DCC_S>
        <DCC_F>false</DCC_F>
        <DCC_K>false</DCC_K>
    </PropertyGroup>
    <PropertyGroup Condition="'$(Base_Android)'!=''">
        <AUP_ACCESS_NETWORK_STATE>true</AUP_ACCESS_NETWORK_STATE>
        <EL_Maps>true</EL_Maps>
        <Debugger_RunParams>-cleaninstall</Debugger_RunParams>
        <Android_SplashTileMode>disabled</Android_SplashTileMode>
        <Android_SplashGravity>center_horizontal</Android_SplashGravity>
        <VerInfo_Build>1</VerInfo_Build>
        <Android_SplashImage470>..\Imagens\Android\FM_SplashImage_470x320.png</Android_SplashImage470>
        <Android_LauncherIcon96>..\Imagens\Android\FM_LauncherIcon_96x96.png</Android_LauncherIcon96>
        <Android_LauncherIcon72>..\Imagens\Android\FM_LauncherIcon_72x72.png</Android_LauncherIcon72>
        <Android_SplashImage640>..\Imagens\Android\FM_SplashImage_640x480.png</Android_SplashImage640>
        <Android_LauncherIcon48>..\Imagens\Android\FM_LauncherIcon_48x48.png</Android_LauncherIcon48>
        <DCC_UsePackage>DBXSqliteDriver;RESTComponents;DBXInterBaseDriver;emsclientfiredac;DataSnapFireDAC;tethering;bindcompfmx;FmxTeeUI;FireDACIBDriver;fmx;FireDACDBXDriver;dbexpress;IndyCore;dsnap;DataSnapCommon;emsclient;fmxinfopower;FireDACCommon;RESTBackendComponents;soapserver;bindengine;CloudService;FireDACCommonDriver;DataSnapClient;inet;bindcompdbx;IndyIPCommon;IndyIPServer;IndySystem;fmxFireDAC;FireDAC;FireDACSqliteDriver;ibmonitor;FMXTee;soaprtl;DbxCommonDriver;ibxpress;xmlrtl;soapmidas;DataSnapNativeClient;ibxbindings;rtl;FireDACDSDriver;DbxClientDriver;CustomIPTransport;bindcomp;IndyIPClient;dbxcds;dsnapxml;DataSnapProviderClient;dbrtl;IndyProtocols;$(DCC_UsePackage)</DCC_UsePackage>
        <Android_LauncherIcon36>..\Imagens\Android\FM_LauncherIcon_36x36.png</Android_LauncherIcon36>
        <EnabledSysJars>android-support-v4.dex.jar;apk-expansion.dex.jar;cloud-messaging.dex.jar;fmx.dex.jar;google-analytics-v2.dex.jar;google-play-billing.dex.jar;google-play-licensing.dex.jar;google-play-services.dex.jar</EnabledSysJars>
        <VerInfo_Keys>package=br.edesoft.AR4NDYY;label=$(MSBuildProjectName);versionCode=1;versionName=1.0.0;persistent=False;restoreAnyVersion=False;installLocation=auto;largeHeap=False;theme=TitleBar;hardwareAccelerated=true;apiKey=AIzaSyBKy48js270Q3m3Yrw5CmrMV9DDZ6jExEA</VerInfo_Keys>
        <Android_LauncherIcon144>..\Imagens\Android\FM_LauncherIcon_144x144.png</Android_LauncherIcon144>
        <VerInfo_IncludeVerInfo>true</VerInfo_IncludeVerInfo>
        <BT_BuildType>Debug</BT_BuildType>
        <Android_SplashImage960>..\Imagens\Android\FM_SplashImage_960x720.png</Android_SplashImage960>
        <Android_SplashImage426>..\Imagens\Android\FM_SplashImage_426x320.png</Android_SplashImage426>
    </PropertyGroup>
    <PropertyGroup Condition="'$(Base_iOSDevice32)'!=''">
        <VerInfo_MinorVer>1</VerInfo_MinorVer>
        <Debugger_RunParams>-cleaninstall</Debugger_RunParams>
        <iPhone_Launch640x1136>..\Imagens\iOS\iPhone\FM_LaunchImage_640x1136.png</iPhone_Launch640x1136>
        <iPad_AppIcon72>..\Imagens\iOS\iPad\FM_ApplicationIcon_72x72.png</iPad_AppIcon72>
        <iPad_Launch1024x768>..\Imagens\iOS\iPad\FM_LaunchImageLandscape_1024x768.png</iPad_Launch1024x768>
        <iPad_SpotLight80>..\Imagens\iOS\iPad\FM_SpotlightSearchIcon_80x80.png</iPad_SpotLight80>
        <iPad_Launch768>..\Imagens\iOS\iPad\FM_LaunchImagePortrait_768x1004.png</iPad_Launch768>
        <iPad_SpotLight100>..\Imagens\iOS\iPad\FM_SpotlightSearchIcon_100x100.png</iPad_SpotLight100>
        <iPhone_Launch320>..\Imagens\iOS\iPhone\FM_LaunchImage_320x480.png</iPhone_Launch320>
        <iPhone_Launch2208>..\Imagens\iOS\iPhone\FM_LaunchImage_2208x1242.png</iPhone_Launch2208>
        <VerInfo_BundleId>br.edesoft.ARANDYY2</VerInfo_BundleId>
        <iPad_AppIcon152>..\Imagens\iOS\iPad\FM_ApplicationIcon_152x152.png</iPad_AppIcon152>
        <iPad_Setting29>..\Imagens\iOS\iPad\FM_SettingIcon_29x29.png</iPad_Setting29>
        <iPhone_Spotlight40>..\Imagens\iOS\iPhone\FM_SpotlightSearchIcon_40x40.png</iPhone_Spotlight40>
        <iPad_Launch1536>..\Imagens\iOS\iPad\FM_LaunchImagePortrait_1536x2008.png</iPad_Launch1536>
        <DCC_UsePackage>DBXSqliteDriver;RESTComponents;DBXInterBaseDriver;emsclientfiredac;DataSnapFireDAC;tethering;bindcompfmx;FmxTeeUI;FireDACIBDriver;fmx;FireDACDBXDriver;dbexpress;IndyCore;dsnap;DataSnapCommon;emsclient;fmxinfopower;FireDACCommon;RESTBackendComponents;soapserver;bindengine;CloudService;FireDACCommonDriver;DataSnapClient;inet;bindcompdbx;IndyIPCommon;IndyIPServer;IndySystem;fmxFireDAC;FireDAC;FireDACSqliteDriver;ibmonitor;FMXTee;soaprtl;DbxCommonDriver;ibxpress;xmlrtl;soapmidas;DataSnapNativeClient;ibxbindings;rtl;FireDACDSDriver;DbxClientDriver;CustomIPTransport;bindcomp;IndyIPClient;dbxcds;dsnapxml;DataSnapProviderClient;dbrtl;IndyProtocols;fmxase;$(DCC_UsePackage)</DCC_UsePackage>
        <iPhone_Spotlight29>..\Imagens\iOS\iPhone\FM_SpotlightSearchIcon_29x29.png</iPhone_Spotlight29>
        <iPad_SpotLight40>..\Imagens\iOS\iPad\FM_SpotlightSearchIcon_40x40.png</iPad_SpotLight40>
        <iPad_SpotLight50>..\Imagens\iOS\iPad\FM_SpotlightSearchIcon_50x50.png</iPad_SpotLight50>
        <VerInfo_UIDeviceFamily>iPhone</VerInfo_UIDeviceFamily>
        <iPad_Launch768x1024>..\Imagens\iOS\iPad\FM_LaunchImagePortrait_768x1024.png</iPad_Launch768x1024>
        <iPad_Launch2048>..\Imagens\iOS\iPad\FM_LaunchImageLandscape_2048x1496.png</iPad_Launch2048>
        <iPad_Launch1536x2048>..\Imagens\iOS\iPad\FM_LaunchImagePortrait_1536x2048.png</iPad_Launch1536x2048>
        <iPad_Launch2048x1536>..\Imagens\iOS\iPad\FM_LaunchImageLandscape_2048x1536.png</iPad_Launch2048x1536>
        <iPad_AppIcon76>..\Imagens\iOS\iPad\FM_ApplicationIcon_76x76.png</iPad_AppIcon76>
        <iPad_AppIcon144>..\Imagens\iOS\iPad\FM_ApplicationIcon_144x144.png</iPad_AppIcon144>
        <VerInfo_Keys>CFBundleName=$(MSBuildProjectName);CFBundleDevelopmentRegion=en;CFBundleDisplayName=$(MSBuildProjectName);CFBundleIdentifier=br.edesoft.ARANDYY2;CFBundleInfoDictionaryVersion=7.1;CFBundleVersion=1.1.0.0;CFBundlePackageType=APPL;CFBundleSignature=????;LSRequiresIPhoneOS=true;CFBundleAllowMixedLocalizations=YES;CFBundleExecutable=$(MSBuildProjectName);UIDeviceFamily=iPhone;CFBundleResourceSpecification=ResourceRules.plist;NSLocationAlwaysUsageDescription=The reason for accessing the location information of the user;NSLocationWhenInUseUsageDescription=The reason for accessing the location information of the user;FMLocalNotificationPermission=true;UIBackgroundModes=;DTPlatformName=iphoneos;NSContactsUsageDescription=The reason for accessing the contacts;NSPhotoLibraryUsageDescription=The reason for accessing the photo library;NSCameraUsageDescription=The reason for accessing the camera</VerInfo_Keys>
        <iPhone_AppIcon180>..\Imagens\iOS\iPhone\FM_ApplicationIcon_180x180.png</iPhone_AppIcon180>
        <iPhone_Launch1242>..\Imagens\iOS\iPhone\FM_LaunchImage_1242x2208.png</iPhone_Launch1242>
        <iPhone_AppIcon120>..\Imagens\iOS\iPhone\FM_ApplicationIcon_120x120.png</iPhone_AppIcon120>
        <iPhone_AppIcon114>..\Imagens\iOS\iPhone\FM_ApplicationIcon_114x114.png</iPhone_AppIcon114>
        <iPhone_Spotlight80>..\Imagens\iOS\iPhone\FM_SpotlightSearchIcon_80x80.png</iPhone_Spotlight80>
        <iPad_Launch1024>..\Imagens\iOS\iPad\FM_LaunchImageLandscape_1024x748.png</iPad_Launch1024>
        <BT_BuildType>Debug</BT_BuildType>
        <iPhone_Spotlight58>..\Imagens\iOS\iPhone\FM_SpotlightSearchIcon_58x58.png</iPhone_Spotlight58>
        <iPhone_Launch640>..\Imagens\iOS\iPhone\FM_LaunchImage_640x960.png</iPhone_Launch640>
        <iPhone_Launch750>..\Imagens\iOS\iPhone\FM_LaunchImage_750x1334.png</iPhone_Launch750>
        <iPad_Setting58>..\Imagens\iOS\iPad\FM_SettingIcon_58x58.png</iPad_Setting58>
        <VerInfo_IncludeVerInfo>true</VerInfo_IncludeVerInfo>
        <iPhone_AppIcon87>..\Imagens\iOS\iPhone\FM_ApplicationIcon_87x87.png</iPhone_AppIcon87>
        <iPhone_AppIcon57>..\Imagens\iOS\iPhone\FM_ApplicationIcon_57x57.png</iPhone_AppIcon57>
        <iPhone_AppIcon60>..\Imagens\iOS\iPhone\FM_ApplicationIcon_60x60.png</iPhone_AppIcon60>
    </PropertyGroup>
    <PropertyGroup Condition="'$(Base_iOSDevice64)'!=''">
        <VerInfo_MinorVer>1</VerInfo_MinorVer>
        <Debugger_RunParams>-cleaninstall</Debugger_RunParams>
        <PF_DevAdHoc>iPhone Distribution: MANOEL EDESIO (5Q5LFND6GF)</PF_DevAdHoc>
        <PF_AutoCertificateAdHoc>False</PF_AutoCertificateAdHoc>
        <PF_AutoMobileProvisionAdHoc>False</PF_AutoMobileProvisionAdHoc>
        <PF_MobileProvisionAdHoc>c667e182-ee39-40bd-a740-8a5afc5b1810</PF_MobileProvisionAdHoc>
        <iPhone_Launch640x1136>..\Imagens\iOS\iPhone\FM_LaunchImage_640x1136.png</iPhone_Launch640x1136>
        <iPad_AppIcon72>..\Imagens\iOS\iPad\FM_ApplicationIcon_72x72.png</iPad_AppIcon72>
        <iPad_Launch1024x768>..\Imagens\iOS\iPad\FM_LaunchImageLandscape_1024x768.png</iPad_Launch1024x768>
        <iPad_SpotLight80>..\Imagens\iOS\iPad\FM_SpotlightSearchIcon_80x80.png</iPad_SpotLight80>
        <iPad_Launch768>..\Imagens\iOS\iPad\FM_LaunchImagePortrait_768x1004.png</iPad_Launch768>
        <iPad_SpotLight100>..\Imagens\iOS\iPad\FM_SpotlightSearchIcon_100x100.png</iPad_SpotLight100>
        <iPhone_Launch320>..\Imagens\iOS\iPhone\FM_LaunchImage_320x480.png</iPhone_Launch320>
        <iPhone_Launch2208>..\Imagens\iOS\iPhone\FM_LaunchImage_2208x1242.png</iPhone_Launch2208>
        <VerInfo_BundleId>br.edesoft.ARANDYY2</VerInfo_BundleId>
        <iPad_AppIcon152>..\Imagens\iOS\iPad\FM_ApplicationIcon_152x152.png</iPad_AppIcon152>
        <iPad_Setting29>..\Imagens\iOS\iPad\FM_SettingIcon_29x29.png</iPad_Setting29>
        <iPhone_Spotlight40>..\Imagens\iOS\iPhone\FM_SpotlightSearchIcon_40x40.png</iPhone_Spotlight40>
        <iPad_Launch1536>..\Imagens\iOS\iPad\FM_LaunchImagePortrait_1536x2008.png</iPad_Launch1536>
        <DCC_UsePackage>DBXSqliteDriver;RESTComponents;DBXInterBaseDriver;emsclientfiredac;DataSnapFireDAC;tethering;bindcompfmx;FmxTeeUI;FireDACIBDriver;fmx;FireDACDBXDriver;dbexpress;IndyCore;dsnap;DataSnapCommon;emsclient;fmxinfopower;FireDACCommon;RESTBackendComponents;soapserver;bindengine;CloudService;FireDACCommonDriver;DataSnapClient;inet;bindcompdbx;IndyIPCommon;IndyIPServer;IndySystem;fmxFireDAC;FireDAC;FireDACSqliteDriver;ibmonitor;FMXTee;soaprtl;DbxCommonDriver;ibxpress;xmlrtl;soapmidas;DataSnapNativeClient;ibxbindings;rtl;FireDACDSDriver;DbxClientDriver;CustomIPTransport;bindcomp;IndyIPClient;dbxcds;dsnapxml;DataSnapProviderClient;dbrtl;IndyProtocols;fmxase;$(DCC_UsePackage)</DCC_UsePackage>
        <iPhone_Spotlight29>..\Imagens\iOS\iPhone\FM_SpotlightSearchIcon_29x29.png</iPhone_Spotlight29>
        <iPad_SpotLight40>..\Imagens\iOS\iPad\FM_SpotlightSearchIcon_40x40.png</iPad_SpotLight40>
        <iPad_SpotLight50>..\Imagens\iOS\iPad\FM_SpotlightSearchIcon_50x50.png</iPad_SpotLight50>
        <VerInfo_UIDeviceFamily>iPhone</VerInfo_UIDeviceFamily>
        <iPad_Launch768x1024>..\Imagens\iOS\iPad\FM_LaunchImagePortrait_768x1024.png</iPad_Launch768x1024>
        <iPad_Launch2048>..\Imagens\iOS\iPad\FM_LaunchImageLandscape_2048x1496.png</iPad_Launch2048>
        <iPad_Launch1536x2048>..\Imagens\iOS\iPad\FM_LaunchImagePortrait_1536x2048.png</iPad_Launch1536x2048>
        <iPad_Launch2048x1536>..\Imagens\iOS\iPad\FM_LaunchImageLandscape_2048x1536.png</iPad_Launch2048x1536>
        <iPad_AppIcon76>..\Imagens\iOS\iPad\FM_ApplicationIcon_76x76.png</iPad_AppIcon76>
        <iPad_AppIcon144>..\Imagens\iOS\iPad\FM_ApplicationIcon_144x144.png</iPad_AppIcon144>
        <VerInfo_Keys>CFBundleName=$(MSBuildProjectName);CFBundleDevelopmentRegion=en;CFBundleDisplayName=$(MSBuildProjectName);CFBundleIdentifier=br.edesoft.ARANDYY2;CFBundleInfoDictionaryVersion=7.1;CFBundleVersion=1.1.0.0;CFBundlePackageType=APPL;CFBundleSignature=????;LSRequiresIPhoneOS=true;CFBundleAllowMixedLocalizations=YES;CFBundleExecutable=$(MSBuildProjectName);UIDeviceFamily=iPhone;CFBundleResourceSpecification=ResourceRules.plist;NSLocationAlwaysUsageDescription=The reason for accessing the location information of the user;NSLocationWhenInUseUsageDescription=The reason for accessing the location information of the user;FMLocalNotificationPermission=true;UIBackgroundModes=;DTPlatformName=iphoneos;NSContactsUsageDescription=The reason for accessing the contacts;NSPhotoLibraryUsageDescription=The reason for accessing the photo library;NSCameraUsageDescription=The reason for accessing the camera</VerInfo_Keys>
        <iPhone_AppIcon180>..\Imagens\iOS\iPhone\FM_ApplicationIcon_180x180.png</iPhone_AppIcon180>
        <iPhone_Launch1242>..\Imagens\iOS\iPhone\FM_LaunchImage_1242x2208.png</iPhone_Launch1242>
        <iPhone_AppIcon120>..\Imagens\iOS\iPhone\FM_ApplicationIcon_120x120.png</iPhone_AppIcon120>
        <iPhone_AppIcon114>..\Imagens\iOS\iPhone\FM_ApplicationIcon_114x114.png</iPhone_AppIcon114>
        <iPhone_Spotlight80>..\Imagens\iOS\iPhone\FM_SpotlightSearchIcon_80x80.png</iPhone_Spotlight80>
        <iPad_Launch1024>..\Imagens\iOS\iPad\FM_LaunchImageLandscape_1024x748.png</iPad_Launch1024>
        <BT_BuildType>Debug</BT_BuildType>
        <iPhone_Spotlight58>..\Imagens\iOS\iPhone\FM_SpotlightSearchIcon_58x58.png</iPhone_Spotlight58>
        <iPhone_Launch640>..\Imagens\iOS\iPhone\FM_LaunchImage_640x960.png</iPhone_Launch640>
        <iPhone_Launch750>..\Imagens\iOS\iPhone\FM_LaunchImage_750x1334.png</iPhone_Launch750>
        <iPad_Setting58>..\Imagens\iOS\iPad\FM_SettingIcon_58x58.png</iPad_Setting58>
        <VerInfo_IncludeVerInfo>true</VerInfo_IncludeVerInfo>
        <iPhone_AppIcon87>..\Imagens\iOS\iPhone\FM_ApplicationIcon_87x87.png</iPhone_AppIcon87>
        <iPhone_AppIcon57>..\Imagens\iOS\iPhone\FM_ApplicationIcon_57x57.png</iPhone_AppIcon57>
        <iPhone_AppIcon60>..\Imagens\iOS\iPhone\FM_ApplicationIcon_60x60.png</iPhone_AppIcon60>
    </PropertyGroup>
    <PropertyGroup Condition="'$(Base_iOSSimulator)'!=''">
        <VerInfo_MinorVer>1</VerInfo_MinorVer>
        <Debugger_RunParams>-cleaninstall</Debugger_RunParams>
        <iPad_Launch1024x768>..\Imagens\iOS\iPad\FM_LaunchImageLandscape_1024x768.png</iPad_Launch1024x768>
        <iPhone_Launch640x1136>..\Imagens\iOS\iPhone\FM_LaunchImage_640x1136.png</iPhone_Launch640x1136>
        <iPad_SpotLight80>..\Imagens\iOS\iPad\FM_SpotlightSearchIcon_80x80.png</iPad_SpotLight80>
        <iPad_Launch768>..\Imagens\iOS\iPad\FM_LaunchImagePortrait_768x1004.png</iPad_Launch768>
        <iPad_AppIcon72>..\Imagens\iOS\iPad\FM_ApplicationIcon_72x72.png</iPad_AppIcon72>
        <iPad_SpotLight100>..\Imagens\iOS\iPad\FM_SpotlightSearchIcon_100x100.png</iPad_SpotLight100>
        <iPhone_Launch320>..\Imagens\iOS\iPhone\FM_LaunchImage_320x480.png</iPhone_Launch320>
        <iPad_AppIcon152>..\Imagens\iOS\iPad\FM_ApplicationIcon_152x152.png</iPad_AppIcon152>
        <iPhone_Launch2208>..\Imagens\iOS\iPhone\FM_LaunchImage_2208x1242.png</iPhone_Launch2208>
        <iPad_SpotLight50>..\Imagens\iOS\iPad\FM_SpotlightSearchIcon_50x50.png</iPad_SpotLight50>
        <iPad_Launch1536>..\Imagens\iOS\iPad\FM_LaunchImagePortrait_1536x2008.png</iPad_Launch1536>
        <iPad_Setting29>..\Imagens\iOS\iPad\FM_SettingIcon_29x29.png</iPad_Setting29>
        <DCC_UsePackage>DBXSqliteDriver;RESTComponents;DBXInterBaseDriver;emsclientfiredac;DataSnapFireDAC;tethering;bindcompfmx;FmxTeeUI;FireDACIBDriver;fmx;FireDACDBXDriver;dbexpress;IndyCore;dsnap;DataSnapCommon;emsclient;fmxinfopower;FireDACCommon;RESTBackendComponents;soapserver;bindengine;CloudService;FireDACCommonDriver;DataSnapClient;inet;bindcompdbx;IndyIPCommon;IndyIPServer;IndySystem;fmxFireDAC;FireDAC;FireDACSqliteDriver;ibmonitor;FMXTee;soaprtl;DbxCommonDriver;ibxpress;xmlrtl;soapmidas;DataSnapNativeClient;ibxbindings;rtl;FireDACDSDriver;DbxClientDriver;CustomIPTransport;bindcomp;IndyIPClient;dbxcds;dsnapxml;DataSnapProviderClient;dbrtl;IndyProtocols;fmxase;$(DCC_UsePackage)</DCC_UsePackage>
        <iPhone_Spotlight29>..\Imagens\iOS\iPhone\FM_SpotlightSearchIcon_29x29.png</iPhone_Spotlight29>
        <iPhone_Spotlight40>..\Imagens\iOS\iPhone\FM_SpotlightSearchIcon_40x40.png</iPhone_Spotlight40>
        <VerInfo_UIDeviceFamily>iPhoneAndiPad</VerInfo_UIDeviceFamily>
        <iPad_SpotLight40>..\Imagens\iOS\iPad\FM_SpotlightSearchIcon_40x40.png</iPad_SpotLight40>
        <iPad_Launch768x1024>..\Imagens\iOS\iPad\FM_LaunchImagePortrait_768x1024.png</iPad_Launch768x1024>
        <iPad_Launch2048>..\Imagens\iOS\iPad\FM_LaunchImageLandscape_2048x1496.png</iPad_Launch2048>
        <iPad_Launch1536x2048>..\Imagens\iOS\iPad\FM_LaunchImagePortrait_1536x2048.png</iPad_Launch1536x2048>
        <iPad_Launch2048x1536>..\Imagens\iOS\iPad\FM_LaunchImageLandscape_2048x1536.png</iPad_Launch2048x1536>
        <VerInfo_Keys>CFBundleName=$(MSBuildProjectName);CFBundleDevelopmentRegion=en;CFBundleDisplayName=$(MSBuildProjectName);CFBundleIdentifier=br.edesoft.ARANDYY2;CFBundleInfoDictionaryVersion=7.1;CFBundleVersion=1.1.0.0;CFBundlePackageType=APPL;CFBundleSignature=????;LSRequiresIPhoneOS=true;CFBundleAllowMixedLocalizations=YES;CFBundleExecutable=$(MSBuildProjectName);UIDeviceFamily=iPhone &amp; iPad;CFBundleResourceSpecification=ResourceRules.plist;NSLocationAlwaysUsageDescription=The reason for accessing the location information of the user;NSLocationWhenInUseUsageDescription=The reason for accessing the location information of the user;FMLocalNotificationPermission=true;UIBackgroundModes=;DTPlatformName=iphoneos;NSContactsUsageDescription=The reason for accessing the contacts;NSPhotoLibraryUsageDescription=The reason for accessing the photo library;NSCameraUsageDescription=The reason for accessing the camera</VerInfo_Keys>
        <iPad_AppIcon76>..\Imagens\iOS\iPad\FM_ApplicationIcon_76x76.png</iPad_AppIcon76>
        <iPhone_AppIcon114>..\Imagens\iOS\iPhone\FM_ApplicationIcon_114x114.png</iPhone_AppIcon114>
        <iPhone_AppIcon180>..\Imagens\iOS\iPhone\FM_ApplicationIcon_180x180.png</iPhone_AppIcon180>
        <iPhone_Launch1242>..\Imagens\iOS\iPhone\FM_LaunchImage_1242x2208.png</iPhone_Launch1242>
        <iPhone_Spotlight80>..\Imagens\iOS\iPhone\FM_SpotlightSearchIcon_80x80.png</iPhone_Spotlight80>
        <iPhone_AppIcon120>..\Imagens\iOS\iPhone\FM_ApplicationIcon_120x120.png</iPhone_AppIcon120>
        <iPad_AppIcon144>..\Imagens\iOS\iPad\FM_ApplicationIcon_144x144.png</iPad_AppIcon144>
        <iPhone_Spotlight58>..\Imagens\iOS\iPhone\FM_SpotlightSearchIcon_58x58.png</iPhone_Spotlight58>
        <iPad_Launch1024>..\Imagens\iOS\iPad\FM_LaunchImageLandscape_1024x748.png</iPad_Launch1024>
        <iPhone_Launch640>..\Imagens\iOS\iPhone\FM_LaunchImage_640x960.png</iPhone_Launch640>
        <iPhone_Launch750>..\Imagens\iOS\iPhone\FM_LaunchImage_750x1334.png</iPhone_Launch750>
        <iPhone_AppIcon57>..\Imagens\iOS\iPhone\FM_ApplicationIcon_57x57.png</iPhone_AppIcon57>
        <iPad_Setting58>..\Imagens\iOS\iPad\FM_SettingIcon_58x58.png</iPad_Setting58>
        <VerInfo_IncludeVerInfo>true</VerInfo_IncludeVerInfo>
        <iPhone_AppIcon60>..\Imagens\iOS\iPhone\FM_ApplicationIcon_60x60.png</iPhone_AppIcon60>
        <iPhone_AppIcon87>..\Imagens\iOS\iPhone\FM_ApplicationIcon_87x87.png</iPhone_AppIcon87>
    </PropertyGroup>
    <PropertyGroup Condition="'$(Base_OSX32)'!=''">
        <Manifest_File>None</Manifest_File>
        <Debugger_Launcher>/usr/X11/bin/xterm -e &quot;%debuggee%&quot;</Debugger_Launcher>
        <BT_BuildType>Debug</BT_BuildType>
        <DCC_UsePackage>DBXSqliteDriver;RESTComponents;DataSnapServerMidas;DBXInterBaseDriver;emsclientfiredac;DataSnapFireDAC;tethering;FireDACMSSQLDriver;bindcompfmx;DBXOracleDriver;inetdb;FmxTeeUI;FireDACIBDriver;fmx;fmxdae;FireDACDBXDriver;dbexpress;IndyCore;dsnap;DataSnapCommon;emsclient;fmxinfopower;FireDACCommon;RESTBackendComponents;soapserver;bindengine;DBXMySQLDriver;FireDACOracleDriver;CloudService;FireDACMySQLDriver;DBXFirebirdDriver;FireDACCommonDriver;DataSnapClient;inet;bindcompdbx;IndyIPCommon;IndyIPServer;IndySystem;fmxFireDAC;FireDAC;FireDACSqliteDriver;FireDACPgDriver;ibmonitor;FireDACASADriver;FireDACTDataDriver;FMXTee;soaprtl;DbxCommonDriver;ibxpress;DataSnapServer;xmlrtl;soapmidas;DataSnapNativeClient;fmxobj;ibxbindings;rtl;FireDACDSDriver;DbxClientDriver;DBXSybaseASADriver;CustomIPTransport;bindcomp;DBXInformixDriver;IndyIPClient;dbxcds;FireDACODBCDriver;DataSnapIndy10ServerTransport;dsnapxml;DataSnapProviderClient;dbrtl;inetdbxpress;FireDACMongoDBDriver;IndyProtocols;fmxase;$(DCC_UsePackage)</DCC_UsePackage>
        <VerInfo_Keys>CFBundleName=$(MSBuildProjectName);CFBundleDisplayName=$(MSBuildProjectName);CFBundleIdentifier=$(MSBuildProjectName);CFBundleVersion=1.0.0;CFBundlePackageType=APPL;CFBundleSignature=????;CFBundleAllowMixedLocalizations=YES;CFBundleExecutable=$(MSBuildProjectName);NSHighResolutionCapable=true;LSApplicationCategoryType=public.app-category.utilities;NSLocationAlwaysUsageDescription=The reason for accessing the location information of the user;NSLocationWhenInUseUsageDescription=The reason for accessing the location information of the user;NSContactsUsageDescription=The reason for accessing the contacts</VerInfo_Keys>
        <VerInfo_IncludeVerInfo>true</VerInfo_IncludeVerInfo>
    </PropertyGroup>
    <PropertyGroup Condition="'$(Base_Win32)'!=''">
        <PreBuildEvent><![CDATA["C:\Windows\System32\Taskkill.exe" -f -im TQM.exe* -t
$(PreBuildEvent)]]></PreBuildEvent>
        <DCC_ExeOutput>C:\ARANDEE\Cliente\$(Platform)\$(Config)</DCC_ExeOutput>
        <DCC_DcuOutput>C:\ARANDEE\Cliente\$(Platform)\$(Config)</DCC_DcuOutput>
        <VerInfo_IncludeVerInfo>true</VerInfo_IncludeVerInfo>
        <VerInfo_Locale>1033</VerInfo_Locale>
        <DCC_UsePackage>DBXSqliteDriver;RESTComponents;DataSnapServerMidas;DBXDb2Driver;DBXInterBaseDriver;vclactnband;frxe23;vclFireDAC;emsclientfiredac;DataSnapFireDAC;svnui;tethering;FireDACADSDriver;DBXMSSQLDriver;DatasnapConnectorsFreePascal;FireDACMSSQLDriver;vcltouch;vcldb;bindcompfmx;svn;Intraweb;DBXOracleDriver;inetdb;FmxTeeUI;FireDACIBDriver;fmx;fmxdae;vclib;FireDACDBXDriver;dbexpress;IndyCore;vclx;dsnap;DataSnapCommon;emsclient;fmxinfopower;FireDACCommon;RESTBackendComponents;DataSnapConnectors;VCLRESTComponents;soapserver;frxTee23;vclie;bindengine;DBXMySQLDriver;FireDACOracleDriver;CloudService;FireDACMySQLDriver;DBXFirebirdDriver;FireDACCommonDriver;DataSnapClient;inet;bindcompdbx;IndyIPCommon;vcl;DBXSybaseASEDriver;IndyIPServer;IndySystem;FireDACDb2Driver;dsnapcon;FireDACMSAccDriver;fmxFireDAC;FireDACInfxDriver;vclimg;TeeDB;FireDAC;FireDACSqliteDriver;FireDACPgDriver;ibmonitor;FireDACASADriver;DBXOdbcDriver;FireDACTDataDriver;FMXTee;soaprtl;DbxCommonDriver;ibxpress;Tee;DataSnapServer;xmlrtl;soapmidas;DataSnapNativeClient;fmxobj;vclwinx;ibxbindings;rtl;FireDACDSDriver;DbxClientDriver;DBXSybaseASADriver;CustomIPTransport;vcldsnap;bindcomp;appanalytics;DBXInformixDriver;IndyIPClient;bindcompvcl;frxDB23;TeeUI;vclribbon;dbxcds;VclSmp;KernowSoftwareFMX;adortl;FireDACODBCDriver;DataSnapIndy10ServerTransport;dsnapxml;DataSnapProviderClient;dbrtl;inetdbxpress;FireDACMongoDBDriver;IndyProtocols;frx23;fmxase;$(DCC_UsePackage)</DCC_UsePackage>
        <Manifest_File>$(BDS)\bin\default_app.manifest</Manifest_File>
        <DCC_Namespace>Winapi;System.Win;Data.Win;Datasnap.Win;Web.Win;Soap.Win;Xml.Win;Bde;$(DCC_Namespace)</DCC_Namespace>
        <VerInfo_Keys>CompanyName=;FileVersion=1.0.0.0;InternalName=;LegalCopyright=;LegalTrademarks=;OriginalFilename=;ProductVersion=1.0.0.0;Comments=;ProgramID=com.embarcadero.$(MSBuildProjectName);FileDescription=$(MSBuildProjectName);ProductName=$(MSBuildProjectName)</VerInfo_Keys>
        <UWP_DelphiLogo44>$(BDS)\bin\Artwork\Windows\UWP\delphi_UwpDefault_44.png</UWP_DelphiLogo44>
        <UWP_DelphiLogo150>$(BDS)\bin\Artwork\Windows\UWP\delphi_UwpDefault_150.png</UWP_DelphiLogo150>
    </PropertyGroup>
    <PropertyGroup Condition="'$(Base_Win64)'!=''">
        <VerInfo_IncludeVerInfo>true</VerInfo_IncludeVerInfo>
        <VerInfo_Locale>1033</VerInfo_Locale>
        <DCC_UsePackage>DBXSqliteDriver;RESTComponents;DataSnapServerMidas;DBXDb2Driver;DBXInterBaseDriver;vclactnband;vclFireDAC;emsclientfiredac;DataSnapFireDAC;tethering;FireDACADSDriver;DBXMSSQLDriver;DatasnapConnectorsFreePascal;FireDACMSSQLDriver;vcltouch;vcldb;bindcompfmx;Intraweb;DBXOracleDriver;inetdb;FmxTeeUI;FireDACIBDriver;fmx;fmxdae;vclib;FireDACDBXDriver;dbexpress;IndyCore;vclx;dsnap;DataSnapCommon;emsclient;fmxinfopower;FireDACCommon;RESTBackendComponents;DataSnapConnectors;VCLRESTComponents;soapserver;vclie;bindengine;DBXMySQLDriver;FireDACOracleDriver;CloudService;FireDACMySQLDriver;DBXFirebirdDriver;FireDACCommonDriver;DataSnapClient;inet;bindcompdbx;IndyIPCommon;vcl;DBXSybaseASEDriver;IndyIPServer;IndySystem;FireDACDb2Driver;dsnapcon;FireDACMSAccDriver;fmxFireDAC;FireDACInfxDriver;vclimg;TeeDB;FireDAC;FireDACSqliteDriver;FireDACPgDriver;ibmonitor;FireDACASADriver;DBXOdbcDriver;FireDACTDataDriver;FMXTee;soaprtl;DbxCommonDriver;ibxpress;Tee;DataSnapServer;xmlrtl;soapmidas;DataSnapNativeClient;fmxobj;vclwinx;ibxbindings;rtl;FireDACDSDriver;DbxClientDriver;DBXSybaseASADriver;CustomIPTransport;vcldsnap;bindcomp;appanalytics;DBXInformixDriver;IndyIPClient;bindcompvcl;TeeUI;vclribbon;dbxcds;VclSmp;adortl;FireDACODBCDriver;DataSnapIndy10ServerTransport;dsnapxml;DataSnapProviderClient;dbrtl;inetdbxpress;FireDACMongoDBDriver;IndyProtocols;fmxase;$(DCC_UsePackage)</DCC_UsePackage>
        <Manifest_File>$(BDS)\bin\default_app.manifest</Manifest_File>
        <DCC_Namespace>Winapi;System.Win;Data.Win;Datasnap.Win;Web.Win;Soap.Win;Xml.Win;$(DCC_Namespace)</DCC_Namespace>
        <VerInfo_Keys>CompanyName=;FileVersion=1.0.0.0;InternalName=;LegalCopyright=;LegalTrademarks=;OriginalFilename=;ProductVersion=1.0.0.0;Comments=;ProgramID=com.embarcadero.$(MSBuildProjectName);FileDescription=$(MSBuildProjectName);ProductName=$(MSBuildProjectName)</VerInfo_Keys>
        <UWP_DelphiLogo44>$(BDS)\bin\Artwork\Windows\UWP\delphi_UwpDefault_44.png</UWP_DelphiLogo44>
        <UWP_DelphiLogo150>$(BDS)\bin\Artwork\Windows\UWP\delphi_UwpDefault_150.png</UWP_DelphiLogo150>
    </PropertyGroup>
    <PropertyGroup Condition="'$(Cfg_1)'!=''">
        <DCC_DebugDCUs>true</DCC_DebugDCUs>
        <DCC_Optimize>false</DCC_Optimize>
        <DCC_GenerateStackFrames>true</DCC_GenerateStackFrames>
        <DCC_DebugInfoInExe>true</DCC_DebugInfoInExe>
        <DCC_RemoteDebug>true</DCC_RemoteDebug>
    </PropertyGroup>
    <PropertyGroup Condition="'$(Cfg_1_Android)'!=''">
        <EL_Maps>true</EL_Maps>
        <AUP_ACCESS_NETWORK_STATE>true</AUP_ACCESS_NETWORK_STATE>
        <DCC_Define>Manoel;$(DCC_Define)</DCC_Define>
        <DCC_UnitSearchPath>C:\Users\Manoel\Desktop\Delphi Conference 2015\downloads\KernowSoftwareFMX-master\KernowSoftwareFMX-master;C:\Users\Manoel\Desktop\Delphi Conference 2015\downloads\FGX\Samples\ProgressDialogDemo\Android\Debug;$(DCC_UnitSearchPath)</DCC_UnitSearchPath>
        <VerInfo_Build>1</VerInfo_Build>
    </PropertyGroup>
    <PropertyGroup Condition="'$(Cfg_1_iOSDevice32)'!=''">
        <VerInfo_MinorVer>1</VerInfo_MinorVer>
        <VerInfo_IncludeVerInfo>true</VerInfo_IncludeVerInfo>
        <VerInfo_BundleId>br.edesoft.ARANDYY2</VerInfo_BundleId>
        <VerInfo_UIDeviceFamily>iPhone</VerInfo_UIDeviceFamily>
    </PropertyGroup>
    <PropertyGroup Condition="'$(Cfg_1_iOSDevice64)'!=''">
        <VerInfo_MinorVer>1</VerInfo_MinorVer>
        <VerInfo_IncludeVerInfo>true</VerInfo_IncludeVerInfo>
        <PF_AutoCertificateAdHoc>False</PF_AutoCertificateAdHoc>
        <VerInfo_BundleId>br.edesoft.ARANDYY2</VerInfo_BundleId>
        <VerInfo_UIDeviceFamily>iPhone</VerInfo_UIDeviceFamily>
        <PF_AutoMobileProvisionAdHoc>False</PF_AutoMobileProvisionAdHoc>
    </PropertyGroup>
    <PropertyGroup Condition="'$(Cfg_1_iOSSimulator)'!=''">
        <VerInfo_MinorVer>1</VerInfo_MinorVer>
        <VerInfo_IncludeVerInfo>true</VerInfo_IncludeVerInfo>
        <VerInfo_UIDeviceFamily>iPhoneAndiPad</VerInfo_UIDeviceFamily>
    </PropertyGroup>
    <PropertyGroup Condition="'$(Cfg_1_OSX32)'!=''">
        <VerInfo_IncludeVerInfo>true</VerInfo_IncludeVerInfo>
    </PropertyGroup>
    <PropertyGroup Condition="'$(Cfg_1_Win32)'!=''">
        <PreBuildEventCancelOnError>false</PreBuildEventCancelOnError>
        <DCC_UnitSearchPath>C:\Users\Manoel\Desktop\Delphi Conference 2015\downloads\KernowSoftwareFMX-master\KernowSoftwareFMX-master;C:\Users\Manoel\Desktop\Delphi Conference 2015\downloads\FGX\Samples\ProgressDialogDemo\Win32\Debug;C:\CEMINO\Projeto\Fontes\Components\FGX.for.XE8\XE8\dcu;$(DCC_UnitSearchPath)</DCC_UnitSearchPath>
        <VerInfo_IncludeVerInfo>true</VerInfo_IncludeVerInfo>
        <VerInfo_Locale>1033</VerInfo_Locale>
        <AppEnableRuntimeThemes>true</AppEnableRuntimeThemes>
        <AppEnableHighDPI>true</AppEnableHighDPI>
        <DCC_RemoteDebug>false</DCC_RemoteDebug>
    </PropertyGroup>
    <PropertyGroup Condition="'$(Cfg_1_Win64)'!=''">
        <VerInfo_IncludeVerInfo>true</VerInfo_IncludeVerInfo>
        <VerInfo_Locale>1033</VerInfo_Locale>
        <AppEnableRuntimeThemes>true</AppEnableRuntimeThemes>
        <AppEnableHighDPI>true</AppEnableHighDPI>
    </PropertyGroup>
    <PropertyGroup Condition="'$(Cfg_2)'!=''">
        <DCC_LocalDebugSymbols>false</DCC_LocalDebugSymbols>
        <DCC_Define>RELEASE;$(DCC_Define)</DCC_Define>
        <DCC_SymbolReferenceInfo>0</DCC_SymbolReferenceInfo>
        <DCC_DebugInformation>0</DCC_DebugInformation>
    </PropertyGroup>
    <PropertyGroup Condition="'$(Cfg_2_Android)'!=''">
        <Debugger_RunParams>-cleaninstall</Debugger_RunParams>
        <DCC_UnitSearchPath>C:\Users\Manoel\Desktop\Delphi Conference 2015\downloads\KernowSoftwareFMX-master\KernowSoftwareFMX-master;C:\Users\Manoel\Desktop\Delphi Conference 2015\downloads\FGX\Samples\ProgressDialogDemo\Android\Debug;C:\ARANDEE\Componentes\FGX.for.Delphi 10\Delphi 10\dcu;C:\ARANDEE\Componentes\KernowSoftwareFMX-master\KernowSoftwareFMX-master;C:\ARANDEE\Componentes\FGX.for.Delphi 10\Delphi 10\Library;$(DCC_UnitSearchPath)</DCC_UnitSearchPath>
        <VerInfo_Build>1</VerInfo_Build>
    </PropertyGroup>
    <PropertyGroup Condition="'$(Cfg_2_iOSDevice32)'!=''">
        <VerInfo_MinorVer>1</VerInfo_MinorVer>
        <VerInfo_Keys>CFBundleName=$(MSBuildProjectName);CFBundleDevelopmentRegion=en;CFBundleDisplayName=$(MSBuildProjectName);CFBundleIdentifier=br.edesoft.ARANDYY2;CFBundleInfoDictionaryVersion=7.1;CFBundleVersion=1.1.0;CFBundlePackageType=APPL;CFBundleSignature=????;LSRequiresIPhoneOS=true;CFBundleAllowMixedLocalizations=YES;CFBundleExecutable=$(MSBuildProjectName);UIDeviceFamily=iPhone;CFBundleResourceSpecification=ResourceRules.plist;NSLocationAlwaysUsageDescription=The reason for accessing the location information of the user;NSLocationWhenInUseUsageDescription=The reason for accessing the location information of the user;FMLocalNotificationPermission=true;UIBackgroundModes=;DTPlatformName=iphoneos;NSContactsUsageDescription=The reason for accessing the contacts;NSPhotoLibraryUsageDescription=The reason for accessing the photo library;NSCameraUsageDescription=The reason for accessing the camera</VerInfo_Keys>
        <BT_BuildType>Adhoc</BT_BuildType>
        <VerInfo_IncludeVerInfo>true</VerInfo_IncludeVerInfo>
        <VerInfo_UIDeviceFamily>iPhone</VerInfo_UIDeviceFamily>
        <VerInfo_BundleId>br.edesoft.ARANDYY2</VerInfo_BundleId>
    </PropertyGroup>
    <PropertyGroup Condition="'$(Cfg_2_iOSDevice64)'!=''">
        <PF_KeyChainAccessAdhoc>5Q5LFND6GF.br.edesoft.ARANDYY2;</PF_KeyChainAccessAdhoc>
        <PF_MobileProvisionPathAdHoc>/Users/wos/Library/MobileDevice/Provisioning Profiles/adhoc_edesoft_arandyy2.mobileprovision</PF_MobileProvisionPathAdHoc>
        <PF_AppIdentifierAdHoc>5Q5LFND6GF.br.edesoft.ARANDYY2</PF_AppIdentifierAdHoc>
        <VerInfo_MinorVer>1</VerInfo_MinorVer>
        <PF_MobileProvisionPathAppStore>/Users/wos/Library/MobileDevice/Provisioning Profiles/a9c2a243-b08d-412a-a28a-81885f89ad67.mobileprovision</PF_MobileProvisionPathAppStore>
        <PF_DevTeamIdAdHoc>5Q5LFND6GF</PF_DevTeamIdAdHoc>
        <PF_AppIdentifierAppStore>5Q5LFND6GF.br.edesoft.ARANDYY2</PF_AppIdentifierAppStore>
        <PF_EntitlementExtraKeyValuesAdhoc>&lt;key&gt;get-task-allow&lt;/key&gt;&lt;false/&gt;&lt;key&gt;com.apple.developer.team-identifier&lt;/key&gt;&lt;string&gt;5Q5LFND6GF&lt;/string&gt;&lt;key&gt;aps-environment&lt;/key&gt;&lt;string&gt;production&lt;/string&gt;</PF_EntitlementExtraKeyValuesAdhoc>
        <PF_KeyChainAccessAppStore>5Q5LFND6GF.br.edesoft.ARANDYY2;</PF_KeyChainAccessAppStore>
        <PF_EntitlementExtraKeyValuesAppStore>&lt;key&gt;get-task-allow&lt;/key&gt;&lt;false/&gt;&lt;key&gt;com.apple.developer.team-identifier&lt;/key&gt;&lt;string&gt;5Q5LFND6GF&lt;/string&gt;&lt;key&gt;aps-environment&lt;/key&gt;&lt;string&gt;production&lt;/string&gt;&lt;key&gt;beta-reports-active&lt;/key&gt;&lt;true/&gt;</PF_EntitlementExtraKeyValuesAppStore>
        <PF_DevTeamIdAppStore>5Q5LFND6GF</PF_DevTeamIdAppStore>
        <PF_DevAppStore>iPhone Distribution: MANOEL EDESIO (5Q5LFND6GF)</PF_DevAppStore>
        <PF_AutoCertificateAppStore>False</PF_AutoCertificateAppStore>
        <PF_MobileProvisionAppStore>a9c2a243-b08d-412a-a28a-81885f89ad67</PF_MobileProvisionAppStore>
        <PF_AutoMobileProvisionAppStore>False</PF_AutoMobileProvisionAppStore>
        <DCC_GenerateUniversalBinaryFile>true</DCC_GenerateUniversalBinaryFile>
        <PF_MobileProvisionAdHoc>957ee53f-bab5-4e9d-a355-37291cdb23da</PF_MobileProvisionAdHoc>
        <PF_AutoCertificateAdHoc>False</PF_AutoCertificateAdHoc>
        <PF_AutoMobileProvisionAdHoc>False</PF_AutoMobileProvisionAdHoc>
        <Debugger_RunParams>-cleaninstall</Debugger_RunParams>
        <VerInfo_Keys>CFBundleName=$(MSBuildProjectName);CFBundleDevelopmentRegion=en;CFBundleDisplayName=$(MSBuildProjectName);CFBundleIdentifier=br.edesoft.ARANDYY2;CFBundleInfoDictionaryVersion=7.1;CFBundleVersion=1.1.0;CFBundlePackageType=APPL;CFBundleSignature=????;LSRequiresIPhoneOS=true;CFBundleAllowMixedLocalizations=YES;CFBundleExecutable=$(MSBuildProjectName);UIDeviceFamily=iPhone &amp; iPad;CFBundleResourceSpecification=ResourceRules.plist;NSLocationAlwaysUsageDescription=The reason for accessing the location information of the user;NSLocationWhenInUseUsageDescription=The reason for accessing the location information of the user;FMLocalNotificationPermission=true;UIBackgroundModes=;DTPlatformName=iphoneos;NSContactsUsageDescription=The reason for accessing the contacts;NSPhotoLibraryUsageDescription=The reason for accessing the photo library;NSCameraUsageDescription=The reason for accessing the camera</VerInfo_Keys>
        <BT_BuildType>AppStore</BT_BuildType>
        <VerInfo_IncludeVerInfo>true</VerInfo_IncludeVerInfo>
        <VerInfo_UIDeviceFamily>iPhoneAndiPad</VerInfo_UIDeviceFamily>
        <VerInfo_BundleId>br.edesoft.ARANDYY2</VerInfo_BundleId>
    </PropertyGroup>
    <PropertyGroup Condition="'$(Cfg_2_iOSSimulator)'!=''">
        <VerInfo_MinorVer>1</VerInfo_MinorVer>
        <VerInfo_Keys>CFBundleName=$(MSBuildProjectName);CFBundleDevelopmentRegion=en;CFBundleDisplayName=$(MSBuildProjectName);CFBundleIdentifier=br.edesoft.ARANDYY2;CFBundleInfoDictionaryVersion=7.1;CFBundleVersion=1.1.0;CFBundlePackageType=APPL;CFBundleSignature=????;LSRequiresIPhoneOS=true;CFBundleAllowMixedLocalizations=YES;CFBundleExecutable=$(MSBuildProjectName);UIDeviceFamily=iPhone &amp; iPad;CFBundleResourceSpecification=ResourceRules.plist;NSLocationAlwaysUsageDescription=The reason for accessing the location information of the user;NSLocationWhenInUseUsageDescription=The reason for accessing the location information of the user;FMLocalNotificationPermission=true;UIBackgroundModes=;DTPlatformName=iphoneos;NSContactsUsageDescription=The reason for accessing the contacts;NSPhotoLibraryUsageDescription=The reason for accessing the photo library;NSCameraUsageDescription=The reason for accessing the camera</VerInfo_Keys>
        <VerInfo_IncludeVerInfo>true</VerInfo_IncludeVerInfo>
        <VerInfo_UIDeviceFamily>iPhoneAndiPad</VerInfo_UIDeviceFamily>
    </PropertyGroup>
    <PropertyGroup Condition="'$(Cfg_2_OSX32)'!=''">
        <VerInfo_IncludeVerInfo>true</VerInfo_IncludeVerInfo>
        <Manifest_File>None</Manifest_File>
        <Debugger_Launcher>/usr/X11/bin/xterm -e &quot;%debuggee%&quot;</Debugger_Launcher>
    </PropertyGroup>
    <PropertyGroup Condition="'$(Cfg_2_Win32)'!=''">
        <PreBuildEventCancelOnError>false</PreBuildEventCancelOnError>
        <DCC_Define>Manoel;$(DCC_Define)</DCC_Define>
        <VerInfo_IncludeVerInfo>true</VerInfo_IncludeVerInfo>
        <VerInfo_Locale>1033</VerInfo_Locale>
        <AppEnableRuntimeThemes>true</AppEnableRuntimeThemes>
        <AppEnableHighDPI>true</AppEnableHighDPI>
        <BT_BuildType>Debug</BT_BuildType>
        <VerInfo_Keys>CompanyName=;FileVersion=1.0.0.0;InternalName=;LegalCopyright=;LegalTrademarks=;OriginalFilename=;ProductVersion=1.0.0.0;Comments=;ProgramID=TQM;FileDescription=TQM;ProductName=TQM</VerInfo_Keys>
    </PropertyGroup>
    <PropertyGroup Condition="'$(Cfg_2_Win64)'!=''">
        <VerInfo_IncludeVerInfo>true</VerInfo_IncludeVerInfo>
        <VerInfo_Locale>1033</VerInfo_Locale>
        <AppEnableRuntimeThemes>true</AppEnableRuntimeThemes>
        <AppEnableHighDPI>true</AppEnableHighDPI>
        <BT_BuildType>Debug</BT_BuildType>
    </PropertyGroup>
    <ItemGroup>
        <DelphiCompile Include="$(MainSource)">
            <MainSource>MainSource</MainSource>
        </DelphiCompile>
        <DCCReference Include="uFrmLogin.pas">
            <Form>frmLogin</Form>
        </DCCReference>
        <DCCReference Include="OpenViewUrl.pas"/>
        <DCCReference Include="uFrmMobile.pas">
            <Form>frmMobile</Form>
            <FormType>fmx</FormType>
        </DCCReference>
        <BuildConfiguration Include="Release">
            <Key>Cfg_2</Key>
            <CfgParent>Base</CfgParent>
        </BuildConfiguration>
        <BuildConfiguration Include="Base">
            <Key>Base</Key>
        </BuildConfiguration>
        <BuildConfiguration Include="Debug">
            <Key>Cfg_1</Key>
            <CfgParent>Base</CfgParent>
        </BuildConfiguration>
    </ItemGroup>
    <ProjectExtensions>
        <Borland.Personality>Delphi.Personality.12</Borland.Personality>
        <Borland.ProjectType>Application</Borland.ProjectType>
        <BorlandProject>
            <Delphi.Personality>
                <Source>
                    <Source Name="MainSource">TQM.dpr</Source>
                </Source>
                <Excluded_Packages>
                    <Excluded_Packages Name="$(BDSBIN)\bcboffice2k250.bpl">Embarcadero C++Builder Office 2000 Servers Package</Excluded_Packages>
                    <Excluded_Packages Name="$(BDSBIN)\bcbofficexp250.bpl">Embarcadero C++Builder Office XP Servers Package</Excluded_Packages>
                    <Excluded_Packages Name="$(BDSBIN)\dcloffice2k250.bpl">Microsoft Office 2000 Sample Automation Server Wrapper Components</Excluded_Packages>
                    <Excluded_Packages Name="$(BDSBIN)\dclofficexp250.bpl">Microsoft Office XP Sample Automation Server Wrapper Components</Excluded_Packages>
                </Excluded_Packages>
            </Delphi.Personality>
            <Deployment Version="3">
                <DeployFile LocalName="Win32\Debug\TQM.exe" Configuration="Debug" Class="ProjectOutput"/>
                <DeployFile LocalName="..\Imagens\iOS\iPhone\FM_SpotlightSearchIcon_40x40.png" Configuration="Release" Class="iPhone_Spotlight40"/>
                <DeployFile LocalName="..\Imagens\iOS\iPad\FM_ApplicationIcon_152x152.png" Configuration="Release" Class="iPad_AppIcon152"/>
                <DeployFile LocalName="iOSDevice64\Debug\ResourceRules.plist" Configuration="Debug" Class="ProjectiOSDeviceResourceRules"/>
                <DeployFile LocalName="..\Imagens\iOS\iPad\FM_ApplicationIcon_76x76.png" Configuration="Release" Class="iPad_AppIcon76"/>
                <DeployFile LocalName="..\Imagens\iOS\iPhone\FM_LaunchImage_640x960.png" Configuration="Release" Class="iPhone_Launch640"/>
                <DeployFile LocalName="iOSDevice32\Debug\TQM.dSYM" Configuration="Debug" Class="ProjectiOSDeviceDebug"/>
                <DeployFile LocalName="..\Imagens\iOS\iPhone\FM_LaunchImage_512x512.png" Configuration="Debug" Class="File">
                    <Platform Name="iOSDevice64">
                        <RemoteName>FM_LaunchImage_512x512.png</RemoteName>
                        <Overwrite>true</Overwrite>
                    </Platform>
                </DeployFile>
                <DeployFile LocalName="..\Imagens\iOS\iPhone\FM_ApplicationIcon_180x180.png" Configuration="Debug" Class="iPhone_AppIcon180"/>
                <DeployFile LocalName="..\Imagens\iOS\iPhone\FM_LaunchImage_640x1136.png" Configuration="Debug" Class="iPhone_Launch640x1136"/>
                <DeployFile LocalName="$(NDKBasePath)\prebuilt\android-arm\gdbserver\gdbserver" Configuration="Release" Class="AndroidGDBServer">
                    <Platform Name="Android">
                        <Overwrite>true</Overwrite>
                    </Platform>
                </DeployFile>
                <DeployFile LocalName="..\Imagens\Android\FM_SplashImage_960x720.png" Configuration="Release" Class="Android_SplashImage960">
                    <Platform Name="Android">
                        <RemoteName>splash_image.png</RemoteName>
                        <Overwrite>true</Overwrite>
                    </Platform>
                </DeployFile>
                <DeployFile LocalName="..\Imagens\iOS\iPad\FM_LaunchImageLandscape_1024x748.png" Configuration="Release" Class="iPad_Launch1024"/>
                <DeployFile LocalName="..\Imagens\Android\FM_LauncherIcon_96x96.png" Configuration="Debug" Class="Android_LauncherIcon96"/>
                <DeployFile LocalName="..\Imagens\iOS\iPad\FM_LaunchImageLandscape_1024x768.png" Configuration="Release" Class="iPad_Launch1024x768"/>
                <DeployFile LocalName="..\Imagens\iOS\iPad\FM_ApplicationIcon_72x72.png" Configuration="Release" Class="iPad_AppIcon72"/>
                <DeployFile LocalName="$(BDS)\lib\android\debug\armeabi\libnative-activity.so" Configuration="Release" Class="AndroidLibnativeArmeabiFile"/>
                <DeployFile LocalName="..\Imagens\iOS\iPhone\FM_ApplicationIcon_87x87.png" Configuration="Release" Class="iPhone_AppIcon87"/>
                <DeployFile LocalName="$(BDS)\Redist\iossimulator\libcgunwind.1.0.dylib" Class="DependencyModule">
                    <Platform Name="iOSSimulator">
                        <Overwrite>true</Overwrite>
                    </Platform>
                </DeployFile>
                <DeployFile LocalName="..\Imagens\iOS\iPad\FM_SpotlightSearchIcon_50x50.png" Configuration="Release" Class="iPad_SpotLight50"/>
                <DeployFile LocalName="..\Imagens\Android\FM_SplashImage_960x720.png" Configuration="Release" Class="Android_SplashImage960"/>
                <DeployFile LocalName="$(BDS)\Redist\osx32\libcgsqlite3.dylib" Class="DependencyModule">
                    <Platform Name="OSX32">
                        <Overwrite>true</Overwrite>
                    </Platform>
                </DeployFile>
                <DeployFile LocalName="$(BDS)\lib\android\debug\mips\libnative-activity.so" Configuration="Debug" Class="AndroidLibnativeMipsFile"/>
                <DeployFile LocalName="iOSDevice64\Debug\TQM" Configuration="Debug" Class="ProjectOutput"/>
                <DeployFile LocalName="$(NDKBasePath)\prebuilt\android-arm\gdbserver\gdbserver" Configuration="Debug" Class="AndroidGDBServer"/>
                <DeployFile LocalName="$(BDS)\Redist\osx32\libcgunwind.1.0.dylib" Class="DependencyModule">
                    <Platform Name="OSX32">
                        <Overwrite>true</Overwrite>
                    </Platform>
                </DeployFile>
                <DeployFile LocalName="..\Imagens\iOS\iPhone\FM_LaunchImage_640x1136.png" Configuration="Release" Class="iPhone_Launch640x1136"/>
                <DeployFile LocalName="iOSDevice32\Release\TQM.dSYM" Configuration="Release" Class="ProjectiOSDeviceDebug"/>
                <DeployFile LocalName="..\Imagens\Android\FM_SplashImage_640x480.png" Configuration="Release" Class="Android_SplashImage640"/>
                <DeployFile LocalName="..\Imagens\iOS\iPhone\FM_LaunchImage_512x512.png" Configuration="Debug" Class="File">
                    <Platform Name="iOSSimulator">
                        <RemoteName>FM_LaunchImage_512x512.png</RemoteName>
                        <Overwrite>true</Overwrite>
                    </Platform>
                </DeployFile>
                <DeployFile LocalName="Android\Release\splash_image_def.xml" Configuration="Release" Class="AndroidSplashImageDef"/>
                <DeployFile LocalName="..\Imagens\iOS\iPad\FM_SpotlightSearchIcon_40x40.png" Configuration="Release" Class="iPad_SpotLight40"/>
                <DeployFile LocalName="iOSDevice32\Debug\TQM.info.plist" Configuration="Debug" Class="ProjectiOSInfoPList"/>
                <DeployFile LocalName="Android\Release\libTQM.so" Configuration="Release" Class="ProjectOutput">
                    <Platform Name="Android">
                        <RemoteName>libTQM.so</RemoteName>
                        <Overwrite>true</Overwrite>
                    </Platform>
                </DeployFile>
                <DeployFile LocalName="..\Imagens\Android\FM_SplashImage_640x480.png" Configuration="Release" Class="Android_SplashImage640">
                    <Platform Name="Android">
                        <RemoteName>splash_image.png</RemoteName>
                        <Overwrite>true</Overwrite>
                    </Platform>
                </DeployFile>
                <DeployFile LocalName="TQM.sqlite" Configuration="Release" Class="File">
                    <Platform Name="Android">
                        <RemoteDir>assets\internal\</RemoteDir>
                        <RemoteName>TQM.sqlite</RemoteName>
                        <Overwrite>true</Overwrite>
                    </Platform>
                </DeployFile>
                <DeployFile LocalName="..\Imagens\iOS\iPhone\FM_ApplicationIcon_87x87.png" Configuration="Debug" Class="iPhone_AppIcon87"/>
                <DeployFile LocalName="..\Imagens\Android\FM_LauncherIcon_144x144.png" Configuration="Debug" Class="Android_LauncherIcon144"/>
                <DeployFile LocalName="Android\Release\styles.xml" Configuration="Release" Class="AndroidSplashStyles">
                    <Platform Name="Android">
                        <Overwrite>true</Overwrite>
                    </Platform>
                </DeployFile>
                <DeployFile LocalName="iOSDevice32\Debug\TQM.entitlements" Configuration="Debug" Class="ProjectiOSEntitlements"/>
                <DeployFile LocalName="iOSDevice32\Release\TQM" Configuration="Release" Class="ProjectOutput_iOS32"/>
                <DeployFile LocalName="..\Imagens\Android\FM_LauncherIcon_36x36.png" Configuration="Release" Class="Android_LauncherIcon36"/>
                <DeployFile LocalName="..\Imagens\iOS\iPhone\FM_LaunchImage_512x512.png" Configuration="Release" Class="File">
                    <Platform Name="iOSDevice64">
                        <RemoteName>FM_LaunchImage_512x512.png</RemoteName>
                        <Overwrite>true</Overwrite>
                    </Platform>
                </DeployFile>
                <DeployFile LocalName="..\Imagens\Android\FM_LauncherIcon_48x48.png" Configuration="Release" Class="Android_LauncherIcon48">
                    <Platform Name="Android">
                        <RemoteName>ic_launcher.png</RemoteName>
                        <Overwrite>true</Overwrite>
                    </Platform>
                </DeployFile>
                <DeployFile LocalName="$(BDS)\lib\android\debug\armeabi\libnative-activity.so" Configuration="Release" Class="AndroidLibnativeArmeabiFile">
                    <Platform Name="Android">
                        <RemoteName>libTQM.so</RemoteName>
                        <Overwrite>true</Overwrite>
                    </Platform>
                </DeployFile>
                <DeployFile LocalName="..\Imagens\iOS\iPad\FM_SpotlightSearchIcon_80x80.png" Configuration="Release" Class="iPad_SpotLight80"/>
                <DeployFile LocalName="$(BDS)\lib\android\debug\armeabi\libnative-activity.so" Configuration="Debug" Class="AndroidLibnativeArmeabiFile"/>
                <DeployFile LocalName="..\Imagens\Android\FM_SplashImage_426x320.png" Configuration="Release" Class="Android_SplashImage426">
                    <Platform Name="Android">
                        <RemoteName>splash_image.png</RemoteName>
                        <Overwrite>true</Overwrite>
                    </Platform>
                </DeployFile>
                <DeployFile LocalName="..\Imagens\iOS\iPad\FM_ApplicationIcon_144x144.png" Configuration="Release" Class="iPad_AppIcon144"/>
                <DeployFile LocalName="iOSDevice64\Release\TQM.entitlements" Configuration="Release" Class="ProjectiOSEntitlements"/>
                <DeployFile LocalName="..\Imagens\Android\FM_SplashImage_470x320.png" Configuration="Debug" Class="Android_SplashImage470"/>
                <DeployFile LocalName="..\Imagens\iOS\iPad\FM_LaunchImageLandscape_2048x1536.png" Configuration="Release" Class="iPad_Launch2048x1536"/>
                <DeployFile LocalName="iOSDevice32\Release\ResourceRules.plist" Configuration="Release" Class="ProjectiOSDeviceResourceRules"/>
                <DeployFile LocalName="..\Imagens\Android\FM_LauncherIcon_72x72.png" Configuration="Release" Class="Android_LauncherIcon72">
                    <Platform Name="Android">
                        <RemoteName>ic_launcher.png</RemoteName>
                        <Overwrite>true</Overwrite>
                    </Platform>
                </DeployFile>
                <DeployFile LocalName="..\Imagens\Android\FM_SplashImage_426x320.png" Configuration="Debug" Class="Android_SplashImage426"/>
                <DeployFile LocalName="Android\Release\libTQM.so" Configuration="Release" Class="ProjectOutput"/>
                <DeployFile LocalName="iOSDevice64\Release\ResourceRules.plist" Configuration="Release" Class="ProjectiOSDeviceResourceRules"/>
                <DeployFile LocalName="..\Imagens\iOS\iPhone\FM_LaunchImage_2208x1242.png" Configuration="Debug" Class="iPhone_Launch2208"/>
                <DeployFile LocalName="Android\Debug\styles.xml" Configuration="Debug" Class="AndroidSplashStyles"/>
                <DeployFile LocalName="..\Imagens\Android\FM_LauncherIcon_72x72.png" Configuration="Debug" Class="Android_LauncherIcon72"/>
                <DeployFile LocalName="..\Imagens\Android\FM_SplashImage_640x480.png" Configuration="Debug" Class="Android_SplashImage640"/>
                <DeployFile LocalName="..\Imagens\iOS\iPad\FM_LaunchImagePortrait_768x1024.png" Configuration="Release" Class="iPad_Launch768x1024"/>
                <DeployFile LocalName="..\Imagens\Android\FM_SplashImage_470x320.png" Configuration="Release" Class="Android_SplashImage470">
                    <Platform Name="Android">
                        <RemoteName>splash_image.png</RemoteName>
                        <Overwrite>true</Overwrite>
                    </Platform>
                </DeployFile>
                <DeployFile LocalName="..\Imagens\iOS\iPhone\FM_LaunchImage_640x960.png" Configuration="Debug" Class="iPhone_Launch640"/>
                <DeployFile LocalName="..\Imagens\iOS\iPad\FM_SettingIcon_58x58.png" Configuration="Release" Class="iPad_Setting58"/>
                <DeployFile LocalName="iOSDevice32\Release\TQM.entitlements" Configuration="Release" Class="ProjectiOSEntitlements"/>
                <DeployFile LocalName="$(BDS)\lib\android\debug\mips\libnative-activity.so" Configuration="Release" Class="AndroidLibnativeMipsFile"/>
                <DeployFile LocalName="$(BDS)\bin\Artwork\iOS\iPhone\FM_ApplicationIcon_60x60.png" Configuration="Debug" Class="iPhone_AppIcon60"/>
                <DeployFile LocalName="iOSDevice32\Release\TQM.info.plist" Configuration="Release" Class="ProjectiOSInfoPList"/>
                <DeployFile LocalName="..\Imagens\iOS\iPhone\FM_LaunchImage_2208x1242.png" Configuration="Release" Class="iPhone_Launch2208"/>
                <DeployFile LocalName="Android\Release\AndroidManifest.xml" Configuration="Release" Class="ProjectAndroidManifest">
                    <Platform Name="Android">
                        <Overwrite>true</Overwrite>
                    </Platform>
                </DeployFile>
                <DeployFile LocalName="Android\Debug\AndroidManifest.xml" Configuration="Debug" Class="ProjectAndroidManifest"/>
                <DeployFile LocalName="iOSDevice64\Release\TQM.dSYM" Configuration="Release" Class="ProjectiOSDeviceDebug"/>
                <DeployFile LocalName="..\Imagens\iOS\iPhone\FM_ApplicationIcon_60x60.png" Configuration="Release" Class="iPhone_AppIcon60"/>
                <DeployFile LocalName="..\Imagens\iOS\iPhone\FM_SpotlightSearchIcon_29x29.png" Configuration="Release" Class="iPhone_Spotlight29"/>
                <DeployFile LocalName="iOSSimulator\Debug\TQM.info.plist" Configuration="Debug" Class="ProjectiOSInfoPList"/>
                <DeployFile LocalName="Android\Release\splash_image_def.xml" Configuration="Release" Class="AndroidSplashImageDef">
                    <Platform Name="Android">
                        <Overwrite>true</Overwrite>
                    </Platform>
                </DeployFile>
                <DeployFile LocalName="..\Imagens\Android\FM_LauncherIcon_96x96.png" Configuration="Release" Class="Android_LauncherIcon96">
                    <Platform Name="Android">
                        <RemoteName>ic_launcher.png</RemoteName>
                        <Overwrite>true</Overwrite>
                    </Platform>
                </DeployFile>
                <DeployFile LocalName="Android\Debug\splash_image_def.xml" Configuration="Debug" Class="AndroidSplashImageDef"/>
                <DeployFile LocalName="iOSDevice32\Debug\ResourceRules.plist" Configuration="Debug" Class="ProjectiOSDeviceResourceRules"/>
                <DeployFile LocalName="$(BDS)\lib\android\debug\x86\libnative-activity.so" Configuration="Debug" Class="AndroidLibnativeX86File"/>
                <DeployFile LocalName="$(BDS)\lib\android\debug\x86\libnative-activity.so" Configuration="Release" Class="AndroidLibnativeX86File"/>
                <DeployFile LocalName="..\Imagens\iOS\iPhone\FM_SpotlightSearchIcon_29x29.png" Configuration="Debug" Class="iPhone_Spotlight29"/>
                <DeployFile LocalName="..\Imagens\iOS\iPad\FM_LaunchImagePortrait_1536x2048.png" Configuration="Release" Class="iPad_Launch1536x2048"/>
                <DeployFile LocalName="..\Imagens\iOS\iPhone\FM_ApplicationIcon_57x57.png" Configuration="Release" Class="iPhone_AppIcon57"/>
                <DeployFile LocalName="..\Imagens\Android\FM_LauncherIcon_72x72.png" Configuration="Release" Class="Android_LauncherIcon72"/>
                <DeployFile LocalName="..\Imagens\iOS\iPhone\FM_LaunchImage_512x512.png" Configuration="Release" Class="File">
                    <Platform Name="iOSSimulator">
                        <RemoteName>FM_LaunchImage_512x512.png</RemoteName>
                        <Overwrite>true</Overwrite>
                    </Platform>
                </DeployFile>
                <DeployFile LocalName="..\Imagens\iOS\iPhone\FM_LaunchImage_320x480.png" Configuration="Release" Class="iPhone_Launch320"/>
                <DeployFile LocalName="..\Imagens\iOS\iPhone\FM_LaunchImage_512x512.png" Configuration="Release" Class="File">
                    <Platform Name="iOSDevice32">
                        <RemoteName>FM_LaunchImage_512x512.png</RemoteName>
                        <Overwrite>true</Overwrite>
                    </Platform>
                </DeployFile>
                <DeployFile LocalName="iOSDevice64\Release\TQM" Configuration="Release" Class="ProjectOutput"/>
                <DeployFile LocalName="Android\Debug\classes.dex" Configuration="Debug" Class="AndroidClassesDexFile"/>
                <DeployFile LocalName="iOSSimulator\Release\TQM.info.plist" Configuration="Release" Class="ProjectiOSInfoPList"/>
                <DeployFile LocalName="iOSSimulator\Release\Info.plist" Configuration="Release" Class="File">
                    <Platform Name="iOSSimulator">
                        <RemoteName>Info.plist</RemoteName>
                        <Overwrite>true</Overwrite>
                    </Platform>
                </DeployFile>
                <DeployFile LocalName="$(BDS)\lib\android\debug\mips\libnative-activity.so" Configuration="Release" Class="AndroidLibnativeMipsFile">
                    <Platform Name="Android">
                        <RemoteName>libTQM.so</RemoteName>
                        <Overwrite>true</Overwrite>
                    </Platform>
                </DeployFile>
                <DeployFile LocalName="..\Imagens\Android\FM_LauncherIcon_96x96.png" Configuration="Release" Class="Android_LauncherIcon96"/>
                <DeployFile LocalName="..\Imagens\iOS\iPhone\FM_ApplicationIcon_57x57.png" Configuration="Debug" Class="iPhone_AppIcon57"/>
                <DeployFile LocalName="..\Imagens\iOS\iPhone\FM_ApplicationIcon_120x120.png" Configuration="Debug" Class="iPhone_AppIcon120"/>
                <DeployFile LocalName="Android\Release\styles.xml" Configuration="Release" Class="AndroidSplashStyles"/>
                <DeployFile LocalName="iOSDevice64\Debug\TQM.dSYM" Configuration="Debug" Class="ProjectiOSDeviceDebug"/>
                <DeployFile LocalName="..\Imagens\iOS\iPhone\FM_LaunchImage_320x480.png" Configuration="Debug" Class="iPhone_Launch320"/>
                <DeployFile LocalName="..\Imagens\iOS\iPad\FM_LaunchImagePortrait_768x1004.png" Configuration="Release" Class="iPad_Launch768"/>
                <DeployFile LocalName="..\Imagens\iOS\iPhone\FM_LaunchImage_750x1334.png" Configuration="Debug" Class="iPhone_Launch750"/>
                <DeployFile LocalName="..\Imagens\iOS\iPhone\FM_ApplicationIcon_180x180.png" Configuration="Release" Class="iPhone_AppIcon180"/>
                <DeployFile LocalName="iOSSimulator\Release\TQM.entitlements" Configuration="Release" Class="ProjectiOSEntitlements"/>
                <DeployFile LocalName="Android\Release\classes.dex" Configuration="Release" Class="AndroidClassesDexFile"/>
                <DeployFile LocalName="..\Imagens\Android\FM_LauncherIcon_144x144.png" Configuration="Release" Class="Android_LauncherIcon144"/>
                <DeployFile LocalName="..\Imagens\Android\FM_SplashImage_960x720.png" Configuration="Debug" Class="Android_SplashImage960"/>
                <DeployFile LocalName="iOSSimulator\Debug\TQM.entitlements" Configuration="Debug" Class="ProjectiOSEntitlements"/>
                <DeployFile LocalName="Android\Release\classes.dex" Configuration="Release" Class="AndroidClassesDexFile">
                    <Platform Name="Android">
                        <RemoteName>classes.dex</RemoteName>
                        <Overwrite>true</Overwrite>
                    </Platform>
                </DeployFile>
                <DeployFile LocalName="..\Imagens\Android\FM_LauncherIcon_36x36.png" Configuration="Release" Class="Android_LauncherIcon36">
                    <Platform Name="Android">
                        <RemoteName>ic_launcher.png</RemoteName>
                        <Overwrite>true</Overwrite>
                    </Platform>
                </DeployFile>
                <DeployFile LocalName="iOSSimulator\Release\TQM" Configuration="Release" Class="ProjectOutput"/>
                <DeployFile LocalName="iOSDevice64\Release\TQM.info.plist" Configuration="Release" Class="ProjectiOSInfoPList"/>
                <DeployFile LocalName="..\Imagens\iOS\iPhone\FM_LaunchImage_512x512.png" Configuration="Debug" Class="File">
                    <Platform Name="iOSDevice32">
                        <RemoteName>FM_LaunchImage_512x512.png</RemoteName>
                        <Overwrite>true</Overwrite>
                    </Platform>
                </DeployFile>
                <DeployFile LocalName="iOSDevice32\Debug\TQM" Configuration="Debug" Class="ProjectOutput"/>
                <DeployFile LocalName="..\Imagens\Android\FM_LauncherIcon_144x144.png" Configuration="Release" Class="Android_LauncherIcon144">
                    <Platform Name="Android">
                        <RemoteName>ic_launcher.png</RemoteName>
                        <Overwrite>true</Overwrite>
                    </Platform>
                </DeployFile>
                <DeployFile LocalName="Win32\Release\TQM.exe" Configuration="Release" Class="ProjectOutput"/>
                <DeployFile LocalName="..\Imagens\iOS\iPad\FM_SpotlightSearchIcon_100x100.png" Configuration="Release" Class="iPad_SpotLight100"/>
                <DeployFile LocalName="$(NDKBasePath)\prebuilt\android-arm\gdbserver\gdbserver" Configuration="Release" Class="AndroidGDBServer"/>
                <DeployFile LocalName="$(BDS)\Redist\iossimulator\libPCRE.dylib" Class="DependencyModule">
                    <Platform Name="iOSSimulator">
                        <Overwrite>true</Overwrite>
                    </Platform>
                </DeployFile>
                <DeployFile LocalName="iOSSimulator\Debug\TQM" Configuration="Debug" Class="ProjectOutput"/>
                <DeployFile LocalName="..\Imagens\iOS\iPhone\FM_LaunchImage_1242x2208.png" Configuration="Release" Class="iPhone_Launch1242"/>
                <DeployFile LocalName="..\Imagens\iOS\iPhone\FM_LaunchImage_750x1334.png" Configuration="Release" Class="iPhone_Launch750"/>
                <DeployFile LocalName="..\Imagens\Android\FM_LauncherIcon_36x36.png" Configuration="Debug" Class="Android_LauncherIcon36"/>
                <DeployFile LocalName="..\Imagens\iOS\iPhone\FM_ApplicationIcon_114x114.png" Configuration="Release" Class="iPhone_AppIcon114"/>
                <DeployFile LocalName="..\Imagens\Android\FM_LauncherIcon_48x48.png" Configuration="Release" Class="Android_LauncherIcon48"/>
                <DeployFile LocalName="$(BDS)\bin\Artwork\iOS\iPhone\FM_ApplicationIcon_57x57.png" Configuration="Debug" Class="iPhone_AppIcon57"/>
                <DeployFile LocalName="..\Imagens\Android\FM_SplashImage_470x320.png" Configuration="Release" Class="Android_SplashImage470"/>
                <DeployFile LocalName="iOSDevice64\Debug\TQM.info.plist" Configuration="Debug" Class="ProjectiOSInfoPList"/>
                <DeployFile LocalName="Android\Release\AndroidManifest.xml" Configuration="Release" Class="ProjectAndroidManifest"/>
                <DeployFile LocalName="..\Imagens\iOS\iPhone\FM_LaunchImage_1242x2208.png" Configuration="Debug" Class="iPhone_Launch1242"/>
                <DeployFile LocalName="..\Imagens\iOS\iPad\FM_LaunchImageLandscape_2048x1496.png" Configuration="Release" Class="iPad_Launch2048"/>
                <DeployFile LocalName="Android\Debug\libTQM.so" Configuration="Debug" Class="ProjectOutput"/>
                <DeployFile LocalName="iOSDevice64\Debug\TQM.entitlements" Configuration="Debug" Class="ProjectiOSEntitlements"/>
                <DeployFile LocalName="..\Imagens\iOS\iPhone\FM_ApplicationIcon_114x114.png" Configuration="Debug" Class="iPhone_AppIcon114"/>
                <DeployFile LocalName="..\Imagens\iOS\iPhone\FM_ApplicationIcon_120x120.png" Configuration="Release" Class="iPhone_AppIcon120"/>
                <DeployFile LocalName="..\Imagens\iOS\iPhone\FM_SpotlightSearchIcon_40x40.png" Configuration="Debug" Class="iPhone_Spotlight40"/>
                <DeployFile LocalName="..\Imagens\Android\FM_LauncherIcon_48x48.png" Configuration="Debug" Class="Android_LauncherIcon48"/>
                <DeployFile LocalName="..\Imagens\Android\FM_SplashImage_426x320.png" Configuration="Release" Class="Android_SplashImage426"/>
                <DeployFile LocalName="..\Imagens\iOS\iPad\FM_SettingIcon_29x29.png" Configuration="Release" Class="iPad_Setting29"/>
                <DeployFile LocalName="..\Imagens\iOS\iPhone\FM_ApplicationIcon_60x60.png" Configuration="Debug" Class="iPhone_AppIcon60"/>
                <DeployFile LocalName="..\Cliente\Win32\Release\TQM.exe" Configuration="Release" Class="ProjectOutput">
                    <Platform Name="Win32">
                        <RemoteName>TQM.exe</RemoteName>
                        <Overwrite>true</Overwrite>
                    </Platform>
                </DeployFile>
                <DeployFile LocalName="..\Imagens\iOS\iPad\FM_LaunchImagePortrait_1536x2008.png" Configuration="Release" Class="iPad_Launch1536"/>
                <DeployClass Name="AdditionalDebugSymbols">
                    <Platform Name="iOSSimulator">
                        <Operation>1</Operation>
                    </Platform>
                    <Platform Name="OSX32">
                        <RemoteDir>Contents\MacOS</RemoteDir>
                        <Operation>1</Operation>
                    </Platform>
                    <Platform Name="Win32">
                        <RemoteDir>Contents\MacOS</RemoteDir>
                        <Operation>0</Operation>
                    </Platform>
                </DeployClass>
                <DeployClass Name="AndroidClassesDexFile">
                    <Platform Name="Android">
                        <RemoteDir>classes</RemoteDir>
                        <Operation>1</Operation>
                    </Platform>
                </DeployClass>
                <DeployClass Name="AndroidGDBServer">
                    <Platform Name="Android">
                        <RemoteDir>library\lib\armeabi-v7a</RemoteDir>
                        <Operation>1</Operation>
                    </Platform>
                </DeployClass>
                <DeployClass Name="AndroidLibnativeArmeabiFile">
                    <Platform Name="Android">
                        <RemoteDir>library\lib\armeabi</RemoteDir>
                        <Operation>1</Operation>
                    </Platform>
                </DeployClass>
                <DeployClass Name="AndroidLibnativeMipsFile">
                    <Platform Name="Android">
                        <RemoteDir>library\lib\mips</RemoteDir>
                        <Operation>1</Operation>
                    </Platform>
                </DeployClass>
                <DeployClass Name="AndroidServiceOutput">
                    <Platform Name="Android">
                        <RemoteDir>library\lib\armeabi-v7a</RemoteDir>
                        <Operation>1</Operation>
                    </Platform>
                </DeployClass>
                <DeployClass Name="AndroidSplashImageDef">
                    <Platform Name="Android">
                        <RemoteDir>res\drawable</RemoteDir>
                        <Operation>1</Operation>
                    </Platform>
                </DeployClass>
                <DeployClass Name="AndroidSplashStyles">
                    <Platform Name="Android">
                        <RemoteDir>res\values</RemoteDir>
                        <Operation>1</Operation>
                    </Platform>
                </DeployClass>
                <DeployClass Name="Android_DefaultAppIcon">
                    <Platform Name="Android">
                        <RemoteDir>res\drawable</RemoteDir>
                        <Operation>1</Operation>
                    </Platform>
                </DeployClass>
                <DeployClass Name="Android_LauncherIcon144">
                    <Platform Name="Android">
                        <RemoteDir>res\drawable-xxhdpi</RemoteDir>
                        <Operation>1</Operation>
                    </Platform>
                </DeployClass>
                <DeployClass Name="Android_LauncherIcon36">
                    <Platform Name="Android">
                        <RemoteDir>res\drawable-ldpi</RemoteDir>
                        <Operation>1</Operation>
                    </Platform>
                </DeployClass>
                <DeployClass Name="Android_LauncherIcon48">
                    <Platform Name="Android">
                        <RemoteDir>res\drawable-mdpi</RemoteDir>
                        <Operation>1</Operation>
                    </Platform>
                </DeployClass>
                <DeployClass Name="Android_LauncherIcon72">
                    <Platform Name="Android">
                        <RemoteDir>res\drawable-hdpi</RemoteDir>
                        <Operation>1</Operation>
                    </Platform>
                </DeployClass>
                <DeployClass Name="Android_LauncherIcon96">
                    <Platform Name="Android">
                        <RemoteDir>res\drawable-xhdpi</RemoteDir>
                        <Operation>1</Operation>
                    </Platform>
                </DeployClass>
                <DeployClass Name="Android_SplashImage426">
                    <Platform Name="Android">
                        <RemoteDir>res\drawable-small</RemoteDir>
                        <Operation>1</Operation>
                    </Platform>
                </DeployClass>
                <DeployClass Name="Android_SplashImage470">
                    <Platform Name="Android">
                        <RemoteDir>res\drawable-normal</RemoteDir>
                        <Operation>1</Operation>
                    </Platform>
                </DeployClass>
                <DeployClass Name="Android_SplashImage640">
                    <Platform Name="Android">
                        <RemoteDir>res\drawable-large</RemoteDir>
                        <Operation>1</Operation>
                    </Platform>
                </DeployClass>
                <DeployClass Name="Android_SplashImage960">
                    <Platform Name="Android">
                        <RemoteDir>res\drawable-xlarge</RemoteDir>
                        <Operation>1</Operation>
                    </Platform>
                </DeployClass>
                <DeployClass Name="DebugSymbols">
                    <Platform Name="iOSSimulator">
                        <Operation>1</Operation>
                    </Platform>
                    <Platform Name="OSX32">
                        <RemoteDir>Contents\MacOS</RemoteDir>
                        <Operation>1</Operation>
                    </Platform>
                    <Platform Name="Win32">
                        <Operation>0</Operation>
                    </Platform>
                </DeployClass>
                <DeployClass Name="DependencyFramework">
                    <Platform Name="OSX32">
                        <RemoteDir>Contents\MacOS</RemoteDir>
                        <Operation>1</Operation>
                        <Extensions>.framework</Extensions>
                    </Platform>
                    <Platform Name="Win32">
                        <Operation>0</Operation>
                    </Platform>
                </DeployClass>
                <DeployClass Name="DependencyModule">
                    <Platform Name="iOSDevice32">
                        <Operation>1</Operation>
                        <Extensions>.dylib</Extensions>
                    </Platform>
                    <Platform Name="iOSDevice64">
                        <Operation>1</Operation>
                        <Extensions>.dylib</Extensions>
                    </Platform>
                    <Platform Name="iOSSimulator">
                        <Operation>1</Operation>
                        <Extensions>.dylib</Extensions>
                    </Platform>
                    <Platform Name="OSX32">
                        <RemoteDir>Contents\MacOS</RemoteDir>
                        <Operation>1</Operation>
                        <Extensions>.dylib</Extensions>
                    </Platform>
                    <Platform Name="Win32">
                        <Operation>0</Operation>
                        <Extensions>.dll;.bpl</Extensions>
                    </Platform>
                </DeployClass>
                <DeployClass Required="true" Name="DependencyPackage">
                    <Platform Name="iOSDevice32">
                        <Operation>1</Operation>
                        <Extensions>.dylib</Extensions>
                    </Platform>
                    <Platform Name="iOSDevice64">
                        <Operation>1</Operation>
                        <Extensions>.dylib</Extensions>
                    </Platform>
                    <Platform Name="iOSSimulator">
                        <Operation>1</Operation>
                        <Extensions>.dylib</Extensions>
                    </Platform>
                    <Platform Name="OSX32">
                        <RemoteDir>Contents\MacOS</RemoteDir>
                        <Operation>1</Operation>
                        <Extensions>.dylib</Extensions>
                    </Platform>
                    <Platform Name="Win32">
                        <Operation>0</Operation>
                        <Extensions>.bpl</Extensions>
                    </Platform>
                </DeployClass>
                <DeployClass Name="File">
                    <Platform Name="Android">
                        <Operation>0</Operation>
                    </Platform>
                    <Platform Name="iOSDevice32">
                        <Operation>0</Operation>
                    </Platform>
                    <Platform Name="iOSDevice64">
                        <Operation>0</Operation>
                    </Platform>
                    <Platform Name="iOSSimulator">
                        <Operation>0</Operation>
                    </Platform>
                    <Platform Name="OSX32">
                        <RemoteDir>Contents\Resources\StartUp\</RemoteDir>
                        <Operation>0</Operation>
                    </Platform>
                    <Platform Name="Win32">
                        <Operation>0</Operation>
                    </Platform>
                </DeployClass>
                <DeployClass Name="iPad_Launch1024">
                    <Platform Name="iOSDevice32">
                        <Operation>1</Operation>
                    </Platform>
                    <Platform Name="iOSDevice64">
                        <Operation>1</Operation>
                    </Platform>
                    <Platform Name="iOSSimulator">
                        <Operation>1</Operation>
                    </Platform>
                </DeployClass>
                <DeployClass Name="iPad_Launch1536">
                    <Platform Name="iOSDevice32">
                        <Operation>1</Operation>
                    </Platform>
                    <Platform Name="iOSDevice64">
                        <Operation>1</Operation>
                    </Platform>
                    <Platform Name="iOSSimulator">
                        <Operation>1</Operation>
                    </Platform>
                </DeployClass>
                <DeployClass Name="iPad_Launch2048">
                    <Platform Name="iOSDevice32">
                        <Operation>1</Operation>
                    </Platform>
                    <Platform Name="iOSDevice64">
                        <Operation>1</Operation>
                    </Platform>
                    <Platform Name="iOSSimulator">
                        <Operation>1</Operation>
                    </Platform>
                </DeployClass>
                <DeployClass Name="iPad_Launch768">
                    <Platform Name="iOSDevice32">
                        <Operation>1</Operation>
                    </Platform>
                    <Platform Name="iOSDevice64">
                        <Operation>1</Operation>
                    </Platform>
                    <Platform Name="iOSSimulator">
                        <Operation>1</Operation>
                    </Platform>
                </DeployClass>
                <DeployClass Name="iPhone_Launch320">
                    <Platform Name="iOSDevice32">
                        <Operation>1</Operation>
                    </Platform>
                    <Platform Name="iOSDevice64">
                        <Operation>1</Operation>
                    </Platform>
                    <Platform Name="iOSSimulator">
                        <Operation>1</Operation>
                    </Platform>
                </DeployClass>
                <DeployClass Name="iPhone_Launch640">
                    <Platform Name="iOSDevice32">
                        <Operation>1</Operation>
                    </Platform>
                    <Platform Name="iOSDevice64">
                        <Operation>1</Operation>
                    </Platform>
                    <Platform Name="iOSSimulator">
                        <Operation>1</Operation>
                    </Platform>
                </DeployClass>
                <DeployClass Name="iPhone_Launch640x1136">
                    <Platform Name="iOSDevice32">
                        <Operation>1</Operation>
                    </Platform>
                    <Platform Name="iOSDevice64">
                        <Operation>1</Operation>
                    </Platform>
                    <Platform Name="iOSSimulator">
                        <Operation>1</Operation>
                    </Platform>
                </DeployClass>
                <DeployClass Name="ProjectAndroidManifest">
                    <Platform Name="Android">
                        <Operation>1</Operation>
                    </Platform>
                </DeployClass>
                <DeployClass Name="ProjectiOSDeviceDebug">
                    <Platform Name="iOSDevice32">
                        <RemoteDir>..\$(PROJECTNAME).app.dSYM\Contents\Resources\DWARF</RemoteDir>
                        <Operation>1</Operation>
                    </Platform>
                    <Platform Name="iOSDevice64">
                        <RemoteDir>..\$(PROJECTNAME).app.dSYM\Contents\Resources\DWARF</RemoteDir>
                        <Operation>1</Operation>
                    </Platform>
                </DeployClass>
                <DeployClass Name="ProjectiOSDeviceResourceRules">
                    <Platform Name="iOSDevice32">
                        <Operation>1</Operation>
                    </Platform>
                    <Platform Name="iOSDevice64">
                        <Operation>1</Operation>
                    </Platform>
                </DeployClass>
                <DeployClass Name="ProjectiOSEntitlements">
                    <Platform Name="iOSDevice32">
                        <RemoteDir>..\</RemoteDir>
                        <Operation>1</Operation>
                    </Platform>
                    <Platform Name="iOSDevice64">
                        <RemoteDir>..\</RemoteDir>
                        <Operation>1</Operation>
                    </Platform>
                </DeployClass>
                <DeployClass Name="ProjectiOSInfoPList">
                    <Platform Name="iOSDevice32">
                        <Operation>1</Operation>
                    </Platform>
                    <Platform Name="iOSDevice64">
                        <Operation>1</Operation>
                    </Platform>
                    <Platform Name="iOSSimulator">
                        <Operation>1</Operation>
                    </Platform>
                </DeployClass>
                <DeployClass Name="ProjectiOSResource">
                    <Platform Name="iOSDevice32">
                        <Operation>1</Operation>
                    </Platform>
                    <Platform Name="iOSDevice64">
                        <Operation>1</Operation>
                    </Platform>
                    <Platform Name="iOSSimulator">
                        <Operation>1</Operation>
                    </Platform>
                </DeployClass>
                <DeployClass Name="ProjectOSXEntitlements">
                    <Platform Name="OSX32">
                        <RemoteDir>..\</RemoteDir>
                        <Operation>1</Operation>
                    </Platform>
                </DeployClass>
                <DeployClass Name="ProjectOSXInfoPList">
                    <Platform Name="OSX32">
                        <RemoteDir>Contents</RemoteDir>
                        <Operation>1</Operation>
                    </Platform>
                </DeployClass>
                <DeployClass Name="ProjectOSXResource">
                    <Platform Name="OSX32">
                        <RemoteDir>Contents\Resources</RemoteDir>
                        <Operation>1</Operation>
                    </Platform>
                </DeployClass>
                <DeployClass Required="true" Name="ProjectOutput">
                    <Platform Name="Android">
                        <RemoteDir>library\lib\armeabi-v7a</RemoteDir>
                        <Operation>1</Operation>
                    </Platform>
                    <Platform Name="iOSDevice32">
                        <Operation>1</Operation>
                    </Platform>
                    <Platform Name="iOSDevice64">
                        <Operation>1</Operation>
                    </Platform>
                    <Platform Name="iOSSimulator">
                        <Operation>1</Operation>
                    </Platform>
                    <Platform Name="Linux64">
                        <Operation>1</Operation>
                    </Platform>
                    <Platform Name="OSX32">
                        <RemoteDir>Contents\MacOS</RemoteDir>
                        <Operation>1</Operation>
                    </Platform>
                    <Platform Name="Win32">
                        <Operation>0</Operation>
                    </Platform>
                </DeployClass>
                <DeployClass Name="ProjectUWPManifest">
                    <Platform Name="Win32">
                        <Operation>1</Operation>
                    </Platform>
                    <Platform Name="Win64">
                        <Operation>1</Operation>
                    </Platform>
                </DeployClass>
                <DeployClass Name="UWP_DelphiLogo150">
                    <Platform Name="Win32">
                        <RemoteDir>Assets</RemoteDir>
                        <Operation>1</Operation>
                    </Platform>
                    <Platform Name="Win64">
                        <RemoteDir>Assets</RemoteDir>
                        <Operation>1</Operation>
                    </Platform>
                </DeployClass>
                <DeployClass Name="UWP_DelphiLogo44">
                    <Platform Name="Win32">
                        <RemoteDir>Assets</RemoteDir>
                        <Operation>1</Operation>
                    </Platform>
                    <Platform Name="Win64">
                        <RemoteDir>Assets</RemoteDir>
                        <Operation>1</Operation>
                    </Platform>
                </DeployClass>
                <ProjectRoot Platform="iOSDevice64" Name="$(PROJECTNAME).app"/>
                <ProjectRoot Platform="Win64" Name="$(PROJECTNAME)"/>
                <ProjectRoot Platform="iOSDevice32" Name="$(PROJECTNAME).app"/>
                <ProjectRoot Platform="Win32" Name="$(PROJECTNAME)"/>
                <ProjectRoot Platform="Linux64" Name="$(PROJECTNAME)"/>
                <ProjectRoot Platform="OSX32" Name="$(PROJECTNAME).app"/>
                <ProjectRoot Platform="Android" Name="$(PROJECTNAME)"/>
                <ProjectRoot Platform="iOSSimulator" Name="$(PROJECTNAME).app"/>
            </Deployment>
            <Platforms>
                <Platform value="Android">True</Platform>
                <Platform value="iOSDevice32">True</Platform>
                <Platform value="iOSDevice64">True</Platform>
                <Platform value="iOSSimulator">True</Platform>
                <Platform value="OSX32">True</Platform>
                <Platform value="Win32">True</Platform>
                <Platform value="Win64">True</Platform>
            </Platforms>
            <DataSnapProxyLookup/>
        </BorlandProject>
        <ProjectFileVersion>12</ProjectFileVersion>
    </ProjectExtensions>
    <Import Project="$(BDS)\Bin\CodeGear.Delphi.Targets" Condition="Exists('$(BDS)\Bin\CodeGear.Delphi.Targets')"/>
    <Import Project="$(APPDATA)\Embarcadero\$(BDSAPPDATABASEDIR)\$(PRODUCTVERSION)\UserTools.proj" Condition="Exists('$(APPDATA)\Embarcadero\$(BDSAPPDATABASEDIR)\$(PRODUCTVERSION)\UserTools.proj')"/>
    <Import Project="$(MSBuildProjectName).deployproj" Condition="Exists('$(MSBuildProjectName).deployproj')"/>
    <PropertyGroup Condition="'$(Config)'=='Debug' And '$(Platform)'=='Win32'">
        <PreBuildEvent>&quot;C:\Windows\System32\Taskkill.exe&quot; -f -im TQM.exe* -t</PreBuildEvent>
        <PreBuildEventIgnoreExitCode>True</PreBuildEventIgnoreExitCode>
        <PreLinkEvent/>
        <PreLinkEventIgnoreExitCode>False</PreLinkEventIgnoreExitCode>
        <PostBuildEvent/>
        <PostBuildEventIgnoreExitCode>False</PostBuildEventIgnoreExitCode>
    </PropertyGroup>
    <PropertyGroup Condition="'$(Config)'=='Release' And '$(Platform)'=='Win32'">
        <PreBuildEvent>&quot;C:\Windows\System32\Taskkill.exe&quot; -f -im TQM.exe* -t</PreBuildEvent>
        <PreBuildEventIgnoreExitCode>True</PreBuildEventIgnoreExitCode>
        <PreLinkEvent/>
        <PreLinkEventIgnoreExitCode>False</PreLinkEventIgnoreExitCode>
        <PostBuildEvent/>
        <PostBuildEventIgnoreExitCode>False</PostBuildEventIgnoreExitCode>
    </PropertyGroup>
</Project>
