<Project xmlns="http://schemas.microsoft.com/developer/msbuild/2003">
    <PropertyGroup>
        <ProjectGuid>{3156A571-00B6-499F-9E4A-EC472F5F44D7}</ProjectGuid>
        <ProjectVersion>14.6</ProjectVersion>
        <FrameworkType>None</FrameworkType>
        <MainSource>ChainOfResponsability.dpr</MainSource>
        <Base>True</Base>
        <Config Condition="'$(Config)'==''">Debug</Config>
        <Platform Condition="'$(Platform)'==''">Win32</Platform>
        <TargetedPlatforms>1</TargetedPlatforms>
        <AppType>Console</AppType>
    </PropertyGroup>
    <PropertyGroup Condition="'$(Config)'=='Base' or '$(Base)'!=''">
        <Base>true</Base>
    </PropertyGroup>
    <PropertyGroup Condition="('$(Platform)'=='iOSDevice' and '$(Base)'=='true') or '$(Base_iOSDevice)'!=''">
        <Base_iOSDevice>true</Base_iOSDevice>
        <CfgParent>Base</CfgParent>
        <Base>true</Base>
    </PropertyGroup>
    <PropertyGroup Condition="('$(Platform)'=='iOSSimulator' and '$(Base)'=='true') or '$(Base_iOSSimulator)'!=''">
        <Base_iOSSimulator>true</Base_iOSSimulator>
        <CfgParent>Base</CfgParent>
        <Base>true</Base>
    </PropertyGroup>
    <PropertyGroup Condition="('$(Platform)'=='OSX32' and '$(Base)'=='true') or '$(Base_OSX32)'!=''">
        <Base_OSX32>true</Base_OSX32>
        <CfgParent>Base</CfgParent>
        <Base>true</Base>
    </PropertyGroup>
    <PropertyGroup Condition="('$(Platform)'=='Win32' and '$(Base)'=='true') or '$(Base_Win32)'!=''">
        <Base_Win32>true</Base_Win32>
        <CfgParent>Base</CfgParent>
        <Base>true</Base>
    </PropertyGroup>
    <PropertyGroup Condition="('$(Platform)'=='Win64' and '$(Base)'=='true') or '$(Base_Win64)'!=''">
        <Base_Win64>true</Base_Win64>
        <CfgParent>Base</CfgParent>
        <Base>true</Base>
    </PropertyGroup>
    <PropertyGroup Condition="'$(Config)'=='Debug' or '$(Cfg_1)'!=''">
        <Cfg_1>true</Cfg_1>
        <CfgParent>Base</CfgParent>
        <Base>true</Base>
    </PropertyGroup>
    <PropertyGroup Condition="('$(Platform)'=='Win32' and '$(Cfg_1)'=='true') or '$(Cfg_1_Win32)'!=''">
        <Cfg_1_Win32>true</Cfg_1_Win32>
        <CfgParent>Cfg_1</CfgParent>
        <Cfg_1>true</Cfg_1>
        <Base>true</Base>
    </PropertyGroup>
    <PropertyGroup Condition="'$(Config)'=='Release' or '$(Cfg_2)'!=''">
        <Cfg_2>true</Cfg_2>
        <CfgParent>Base</CfgParent>
        <Base>true</Base>
    </PropertyGroup>
    <PropertyGroup Condition="'$(Base)'!=''">
        <DCC_Namespace>System;Xml;Data;Datasnap;Web;Soap;$(DCC_Namespace)</DCC_Namespace>
        <DCC_DcuOutput>.\$(Platform)\$(Config)</DCC_DcuOutput>
        <DCC_ExeOutput>.\$(Platform)\$(Config)</DCC_ExeOutput>
        <DCC_E>false</DCC_E>
        <DCC_N>false</DCC_N>
        <DCC_S>false</DCC_S>
        <DCC_F>false</DCC_F>
        <DCC_K>false</DCC_K>
    </PropertyGroup>
    <PropertyGroup Condition="'$(Base_iOSDevice)'!=''">
        <DCC_UsePackage>IndyIPClient;DBXSqliteDriver;fmx;IndySystem;DBXInterBaseDriver;DataSnapClient;DataSnapCommon;DataSnapProviderClient;DbxCommonDriver;dbxcds;CustomIPTransport;dsnap;fmxase;IndyCore;IndyIPCommon;CloudService;FmxTeeUI;bindcompfmx;rtl;dbrtl;DbxClientDriver;bindcomp;xmlrtl;ibxpress;IndyProtocols;bindengine;soaprtl;bindcompdbx;FMXTee;inet;dbexpress;$(DCC_UsePackage)</DCC_UsePackage>
    </PropertyGroup>
    <PropertyGroup Condition="'$(Base_iOSSimulator)'!=''">
        <DCC_UsePackage>IndyIPClient;DBXSqliteDriver;fmx;IndySystem;DBXInterBaseDriver;DataSnapClient;DataSnapCommon;DataSnapProviderClient;DbxCommonDriver;dbxcds;CustomIPTransport;dsnap;fmxase;IndyCore;IndyIPCommon;CloudService;FmxTeeUI;bindcompfmx;rtl;dbrtl;DbxClientDriver;bindcomp;xmlrtl;ibxpress;IndyProtocols;bindengine;soaprtl;bindcompdbx;FMXTee;inet;dbexpress;$(DCC_UsePackage)</DCC_UsePackage>
    </PropertyGroup>
    <PropertyGroup Condition="'$(Base_OSX32)'!=''">
        <DCC_ConsoleTarget>true</DCC_ConsoleTarget>
        <DCC_UsePackage>IndyIPClient;AnyDAC_PhysADS_D18;AnyDAC_PhysODBC_D18;AnyDAC_GUIxForms_D18;DBXSqliteDriver;AnyDAC_ComI_D18;AnyDAC_PhysTDBX_D18;fmx;IndySystem;AnyDAC_PhysIB_D18;DBXInterBaseDriver;DataSnapClient;DataSnapCommon;DataSnapServer;DataSnapProviderClient;DbxCommonDriver;dbxcds;AnyDAC_PhysMSAcc_D18;DBXOracleDriver;CustomIPTransport;dsnap;IndyIPServer;AnyDAC_PhysPg_D18;fmxase;IndyCore;IndyIPCommon;CloudService;FmxTeeUI;AnyDAC_PhysMSSQL_D18;AnyDAC_PhysOracle_D18;inetdbxpress;AnyDAC_PhysMySQL_D18;AnyDAC_Phys_D18;AnyDAC_Comp_D18;bindcompfmx;rtl;dbrtl;DbxClientDriver;bindcomp;inetdb;xmlrtl;ibxpress;IndyProtocols;DBXMySQLDriver;bindengine;soaprtl;bindcompdbx;FMXTee;AnyDAC_PhysASA_D18;DBXInformixDriver;DBXFirebirdDriver;AnyDAC_PhysSQLITE_D18;inet;fmxobj;DBXSybaseASADriver;fmxdae;dbexpress;DataSnapIndy10ServerTransport;AnyDAC_PhysDb2_D18;$(DCC_UsePackage)</DCC_UsePackage>
    </PropertyGroup>
    <PropertyGroup Condition="'$(Base_Win32)'!=''">
        <DCC_ConsoleTarget>true</DCC_ConsoleTarget>
        <VerInfo_Locale>1033</VerInfo_Locale>
        <DCC_Namespace>Winapi;System.Win;Data.Win;Datasnap.Win;Web.Win;Soap.Win;Xml.Win;Bde;$(DCC_Namespace)</DCC_Namespace>
        <DCC_UsePackage>IndyIPClient;AnyDAC_PhysADS_D18;AnyDAC_PhysODBC_D18;AnyDAC_GUIxForms_D18;DBXSqliteDriver;AnyDAC_ComI_D18;AnyDAC_PhysTDBX_D18;fmx;IndySystem;rbIBE1518;TeeDB;rbIDE1518;AnyDAC_PhysIB_D18;inetdbbde;vclib;DBXInterBaseDriver;DataSnapClient;DataSnapCommon;DataSnapServer;rbDBE1518;rbUSERDesign1518;DataSnapProviderClient;DBXSybaseASEDriver;DbxCommonDriver;vclimg;dbxcds;DatasnapConnectorsFreePascal;MetropolisUILiveTile;rbRAP1518;vcldb;vcldsnap;AnyDAC_PhysMSAcc_D18;DBXDb2Driver;rbDAD1518;TCFLib180;DBXOracleDriver;CustomIPTransport;rbCIDE1518;vclribbon;dsnap;IndyIPServer;AnyDAC_PhysPg_D18;fmxase;vcl;IndyCore;dclRBE1518;IndyIPCommon;CloudService;DBXMSSQLDriver;FmxTeeUI;CodeSiteExpressPkg;AnyDAC_PhysMSSQL_D18;rbDB1518;AnyDAC_PhysOracle_D18;rbBDE1518;inetdbxpress;webdsnap;AnyDAC_PhysMySQL_D18;rbRCL1518;dclRBFireDAC1518;adortl;rbUSER1518;AnyDAC_Phys_D18;AnyDAC_Comp_D18;bindcompfmx;vcldbx;rtl;dbrtl;DbxClientDriver;bindcomp;inetdb;Tee;rbDIDE1518;DBXOdbcDriver;xmlrtl;svnui;ibxpress;IndyProtocols;DBXMySQLDriver;dclRBDBE1518;vclactnband;bindengine;soaprtl;bindcompdbx;FMXTee;TeeUI;bindcompvcl;dclRBBDE1518;vclie;vcltouch;AnyDAC_PhysASA_D18;dclRBIBE1518;VclSmp;DBXInformixDriver;Intraweb;DataSnapConnectors;dsnapcon;DBXFirebirdDriver;AnyDAC_PhysSQLITE_D18;inet;rbRIDE1518;fmxobj;rbFireDAC1518;rbADO1518;dclRBADO1518;vclx;svn;DBXSybaseASADriver;fmxdae;rbDBDE1518;bdertl;dbexpress;DataSnapIndy10ServerTransport;AnyDAC_PhysDb2_D18;$(DCC_UsePackage)</DCC_UsePackage>
        <VerInfo_Keys>CompanyName=;FileDescription=;FileVersion=1.0.0.0;InternalName=;LegalCopyright=;LegalTrademarks=;OriginalFilename=;ProductName=;ProductVersion=1.0.0.0;Comments=</VerInfo_Keys>
    </PropertyGroup>
    <PropertyGroup Condition="'$(Base_Win64)'!=''">
        <DCC_ConsoleTarget>true</DCC_ConsoleTarget>
        <DCC_UsePackage>IndyIPClient;AnyDAC_PhysADS_D18;AnyDAC_PhysODBC_D18;AnyDAC_GUIxForms_D18;DBXSqliteDriver;AnyDAC_ComI_D18;AnyDAC_PhysTDBX_D18;fmx;IndySystem;TeeDB;AnyDAC_PhysIB_D18;vclib;DBXInterBaseDriver;DataSnapClient;DataSnapCommon;DataSnapServer;DataSnapProviderClient;DBXSybaseASEDriver;DbxCommonDriver;vclimg;dbxcds;DatasnapConnectorsFreePascal;MetropolisUILiveTile;vcldb;vcldsnap;AnyDAC_PhysMSAcc_D18;DBXDb2Driver;DBXOracleDriver;CustomIPTransport;vclribbon;dsnap;IndyIPServer;AnyDAC_PhysPg_D18;fmxase;vcl;IndyCore;IndyIPCommon;CloudService;DBXMSSQLDriver;FmxTeeUI;AnyDAC_PhysMSSQL_D18;AnyDAC_PhysOracle_D18;inetdbxpress;webdsnap;AnyDAC_PhysMySQL_D18;adortl;AnyDAC_Phys_D18;AnyDAC_Comp_D18;bindcompfmx;rtl;dbrtl;DbxClientDriver;bindcomp;inetdb;Tee;DBXOdbcDriver;xmlrtl;ibxpress;IndyProtocols;DBXMySQLDriver;vclactnband;bindengine;soaprtl;bindcompdbx;FMXTee;TeeUI;bindcompvcl;vclie;vcltouch;AnyDAC_PhysASA_D18;VclSmp;DBXInformixDriver;Intraweb;DataSnapConnectors;dsnapcon;DBXFirebirdDriver;AnyDAC_PhysSQLITE_D18;inet;fmxobj;vclx;DBXSybaseASADriver;fmxdae;dbexpress;DataSnapIndy10ServerTransport;AnyDAC_PhysDb2_D18;$(DCC_UsePackage)</DCC_UsePackage>
    </PropertyGroup>
    <PropertyGroup Condition="'$(Cfg_1)'!=''">
        <DCC_Define>DEBUG;$(DCC_Define)</DCC_Define>
        <DCC_DebugDCUs>true</DCC_DebugDCUs>
        <DCC_Optimize>false</DCC_Optimize>
        <DCC_GenerateStackFrames>true</DCC_GenerateStackFrames>
        <DCC_DebugInfoInExe>true</DCC_DebugInfoInExe>
        <DCC_RemoteDebug>true</DCC_RemoteDebug>
    </PropertyGroup>
    <PropertyGroup Condition="'$(Cfg_1_Win32)'!=''">
        <DCC_RemoteDebug>false</DCC_RemoteDebug>
    </PropertyGroup>
    <PropertyGroup Condition="'$(Cfg_2)'!=''">
        <DCC_LocalDebugSymbols>false</DCC_LocalDebugSymbols>
        <DCC_Define>RELEASE;$(DCC_Define)</DCC_Define>
        <DCC_SymbolReferenceInfo>0</DCC_SymbolReferenceInfo>
        <DCC_DebugInformation>false</DCC_DebugInformation>
    </PropertyGroup>
    <ItemGroup>
        <DelphiCompile Include="$(MainSource)">
            <MainSource>MainSource</MainSource>
        </DelphiCompile>
        <DCCReference Include="uFramework.pas"/>
        <None Include="ModelSupport_ChainOfResponsability\default.txaPackage"/>
        <None Include="ModelSupport_ChainOfResponsability\default.txvpck"/>
        <None Include="ModelSupport_ChainOfResponsability\uFramework\default.txvpck"/>
        <None Include="ModelSupport_ChainOfResponsability\ChainOfResponsability\default.txvpck"/>
        <None Include="ModelSupport_ChainOfResponsability\uFramework\default.txaPackage"/>
        <BuildConfiguration Include="Release">
            <Key>Cfg_2</Key>
            <CfgParent>Base</CfgParent>
        </BuildConfiguration>
        <BuildConfiguration Include="Base">
            <Key>Base</Key>
        </BuildConfiguration>
        <BuildConfiguration Include="Debug">
            <Key>Cfg_1</Key>
            <CfgParent>Base</CfgParent>
        </BuildConfiguration>
    </ItemGroup>
    <ProjectExtensions>
        <Borland.Personality>Delphi.Personality.12</Borland.Personality>
        <Borland.ProjectType/>
        <BorlandProject>
            <Delphi.Personality>
                <VersionInfo>
                    <VersionInfo Name="IncludeVerInfo">False</VersionInfo>
                    <VersionInfo Name="AutoIncBuild">False</VersionInfo>
                    <VersionInfo Name="MajorVer">1</VersionInfo>
                    <VersionInfo Name="MinorVer">0</VersionInfo>
                    <VersionInfo Name="Release">0</VersionInfo>
                    <VersionInfo Name="Build">0</VersionInfo>
                    <VersionInfo Name="Debug">False</VersionInfo>
                    <VersionInfo Name="PreRelease">False</VersionInfo>
                    <VersionInfo Name="Special">False</VersionInfo>
                    <VersionInfo Name="Private">False</VersionInfo>
                    <VersionInfo Name="DLL">False</VersionInfo>
                    <VersionInfo Name="Locale">1046</VersionInfo>
                    <VersionInfo Name="CodePage">1252</VersionInfo>
                </VersionInfo>
                <VersionInfoKeys>
                    <VersionInfoKeys Name="CompanyName"/>
                    <VersionInfoKeys Name="FileDescription"/>
                    <VersionInfoKeys Name="FileVersion">1.0.0.0</VersionInfoKeys>
                    <VersionInfoKeys Name="InternalName"/>
                    <VersionInfoKeys Name="LegalCopyright"/>
                    <VersionInfoKeys Name="LegalTrademarks"/>
                    <VersionInfoKeys Name="OriginalFilename"/>
                    <VersionInfoKeys Name="ProductName"/>
                    <VersionInfoKeys Name="ProductVersion">1.0.0.0</VersionInfoKeys>
                    <VersionInfoKeys Name="Comments"/>
                    <VersionInfoKeys Name="CFBundleName"/>
                    <VersionInfoKeys Name="CFBundleDisplayName"/>
                    <VersionInfoKeys Name="UIDeviceFamily"/>
                    <VersionInfoKeys Name="CFBundleIdentifier"/>
                    <VersionInfoKeys Name="CFBundleVersion"/>
                    <VersionInfoKeys Name="CFBundlePackageType"/>
                    <VersionInfoKeys Name="CFBundleSignature"/>
                    <VersionInfoKeys Name="CFBundleAllowMixedLocalizations"/>
                    <VersionInfoKeys Name="UISupportedInterfaceOrientations"/>
                    <VersionInfoKeys Name="CFBundleExecutable"/>
                    <VersionInfoKeys Name="CFBundleResourceSpecification"/>
                    <VersionInfoKeys Name="LSRequiresIPhoneOS"/>
                    <VersionInfoKeys Name="CFBundleInfoDictionaryVersion"/>
                    <VersionInfoKeys Name="CFBundleDevelopmentRegion"/>
                </VersionInfoKeys>
                <Source>
                    <Source Name="MainSource">ChainOfResponsability.dpr</Source>
                </Source>
            </Delphi.Personality>
            <Deployment/>
            <Platforms>
                <Platform value="iOSDevice">False</Platform>
                <Platform value="iOSSimulator">False</Platform>
                <Platform value="OSX32">False</Platform>
                <Platform value="Win32">True</Platform>
                <Platform value="Win64">False</Platform>
            </Platforms>
            <ModelSupport>True</ModelSupport>
        </BorlandProject>
        <ProjectFileVersion>12</ProjectFileVersion>
    </ProjectExtensions>
    <Import Project="$(BDS)\Bin\CodeGear.Delphi.Targets" Condition="Exists('$(BDS)\Bin\CodeGear.Delphi.Targets')"/>
    <Import Project="$(APPDATA)\Embarcadero\$(BDSAPPDATABASEDIR)\$(PRODUCTVERSION)\UserTools.proj" Condition="Exists('$(APPDATA)\Embarcadero\$(BDSAPPDATABASEDIR)\$(PRODUCTVERSION)\UserTools.proj')"/>
</Project>
