
Microsoft Visual Studio Solution File, Format Version 12.00
# Visual Studio 2012
Project("{E24C65DC-7377-472B-9ABA-BC803B73C61A}") = "MemberShip", "MemberShip\", "{4D6F5F5C-57ED-42CF-8E94-CC8098330D90}"
	ProjectSection(WebsiteProperties) = preProject
		TargetFrameworkMoniker = ".NETFramework,Version%3Dv4.5"
		Debug.AspNetCompiler.VirtualPath = "/MemberShip"
		Debug.AspNetCompiler.PhysicalPath = "E:\DelphiConference\MemberShip\"
		Debug.AspNetCompiler.TargetPath = "PrecompiledWeb\MemberShip\"
		Debug.AspNetCompiler.Updateable = "true"
		Debug.AspNetCompiler.ForceOverwrite = "true"
		Debug.AspNetCompiler.FixedNames = "false"
		Debug.AspNetCompiler.Debug = "True"
		Release.AspNetCompiler.VirtualPath = "/MemberShip"
		Release.AspNetCompiler.PhysicalPath = "E:\DelphiConference\MemberShip\"
		Release.AspNetCompiler.TargetPath = "PrecompiledWeb\MemberShip\"
		Release.AspNetCompiler.Updateable = "true"
		Release.AspNetCompiler.ForceOverwrite = "true"
		Release.AspNetCompiler.FixedNames = "false"
		Release.AspNetCompiler.Debug = "False"
		VWDPort = "44922"
	EndProjectSection
EndProject
Global
	GlobalSection(SolutionConfigurationPlatforms) = preSolution
		Debug|Any CPU = Debug|Any CPU
	EndGlobalSection
	GlobalSection(ProjectConfigurationPlatforms) = postSolution
		{4D6F5F5C-57ED-42CF-8E94-CC8098330D90}.Debug|Any CPU.ActiveCfg = Debug|Any CPU
		{4D6F5F5C-57ED-42CF-8E94-CC8098330D90}.Debug|Any CPU.Build.0 = Debug|Any CPU
	EndGlobalSection
	GlobalSection(SolutionProperties) = preSolution
		HideSolutionNode = FALSE
	EndGlobalSection
EndGlobal
