	<Project xmlns="http://schemas.microsoft.com/developer/msbuild/2003">
		<PropertyGroup>
			<ProjectGuid>{524EAF38-F0F9-436A-B3BF-4DCB30B01F2F}</ProjectGuid>
			<ProjectVersion>13.4</ProjectVersion>
			<FrameworkType>VCL</FrameworkType>
			<MainSource>DprServerRSAPC1.dpr</MainSource>
			<Base>True</Base>
			<Config Condition="'$(Config)'==''">Debug</Config>
			<Platform Condition="'$(Platform)'==''">Win32</Platform>
			<TargetedPlatforms>1</TargetedPlatforms>
			<AppType>Application</AppType>
		</PropertyGroup>
		<PropertyGroup Condition="'$(Config)'=='Base' or '$(Base)'!=''">
			<Base>true</Base>
		</PropertyGroup>
		<PropertyGroup Condition="('$(Platform)'=='Win64' and '$(Base)'=='true') or '$(Base_Win64)'!=''">
			<Base_Win64>true</Base_Win64>
			<CfgParent>Base</CfgParent>
			<Base>true</Base>
		</PropertyGroup>
		<PropertyGroup Condition="('$(Platform)'=='Win32' and '$(Base)'=='true') or '$(Base_Win32)'!=''">
			<Base_Win32>true</Base_Win32>
			<CfgParent>Base</CfgParent>
			<Base>true</Base>
		</PropertyGroup>
		<PropertyGroup Condition="'$(Config)'=='Debug' or '$(Cfg_1)'!=''">
			<Cfg_1>true</Cfg_1>
			<CfgParent>Base</CfgParent>
			<Base>true</Base>
		</PropertyGroup>
		<PropertyGroup Condition="('$(Platform)'=='Win32' and '$(Cfg_1)'=='true') or '$(Cfg_1_Win32)'!=''">
			<Cfg_1_Win32>true</Cfg_1_Win32>
			<CfgParent>Cfg_1</CfgParent>
			<Cfg_1>true</Cfg_1>
			<Base>true</Base>
		</PropertyGroup>
		<PropertyGroup Condition="'$(Config)'=='Release' or '$(Cfg_2)'!=''">
			<Cfg_2>true</Cfg_2>
			<CfgParent>Base</CfgParent>
			<Base>true</Base>
		</PropertyGroup>
		<PropertyGroup Condition="'$(Base)'!=''">
			<Icon_MainIcon>$(BDS)\bin\delphi_PROJECTICON.ico</Icon_MainIcon>
			<DCC_Namespace>System;Xml;Data;Datasnap;Web;Soap;Vcl;Vcl.Imaging;Vcl.Touch;Vcl.Samples;Vcl.Shell;$(DCC_Namespace)</DCC_Namespace>
			<VCL_Custom_Styles>&quot;Carbon|VCLSTYLE|$(PUBLIC)\Documents\RAD Studio\9.0\Styles\Carbon.vsf&quot;</VCL_Custom_Styles>
			<DCC_UsePackage>DBXInterBaseDriver;DataSnapServer;DataSnapCommon;DbxCommonDriver;dbxcds;dsnap;IndyCore;CloudService;IPIndyImpl;bindcompfmx;dbrtl;bindcomp;inetdb;xmlrtl;ibxpress;bindengine;soaprtl;DBXInformixDriver;DBXFirebirdDriver;inet;DBXSybaseASADriver;dbexpress;fmx;IndySystem;DataSnapClient;DataSnapProviderClient;DBXOracleDriver;fmxase;inetdbxpress;rtl;DbxClientDriver;IndyProtocols;DBXMySQLDriver;fmxobj;fmxdae;DataSnapIndy10ServerTransport;$(DCC_UsePackage)</DCC_UsePackage>
			<DCC_DcuOutput>.\$(Platform)\$(Config)</DCC_DcuOutput>
			<DCC_ExeOutput>.\$(Platform)\$(Config)</DCC_ExeOutput>
		</PropertyGroup>
		<PropertyGroup Condition="'$(Base_Win64)'!=''">
			<DCC_UsePackage>dxTileControlRS16;cxLibraryRS16;dxSkinSevenRS16;dxPsPrVwAdvRS16;dxSkinSummer2008RS16;dxPSCoreRS16;dxPScxTLLnkRS16;dxPScxGridLnkRS16;cxPivotGridOLAPRS16;cxPageControlRS16;dxSkinVS2010RS16;vclimg;dxSkinDevExpressStyleRS16;dxSkinWhiteprintRS16;dxComnRS16;vcldb;dxSkinBlackRS16;dxADOServerModeRS16;dxBarExtDBItemsRS16;dxSkinXmas2008BlueRS16;dxSkinOffice2007BlueRS16;dxSkinOffice2007GreenRS16;cxDataRS16;cxBarEditItemRS16;dxDockingRS16;cxPageControldxBarPopupMenuRS16;dxPSDBTeeChartRS16;dxPSLnksRS16;dxBarExtItemsRS16;dxPSTeeChartRS16;dxPSdxLCLnkRS16;cxVerticalGridRS16;dxSkinSharpRS16;dxSkinOffice2007BlackRS16;dxorgcRS16;dxSkinBlueprintRS16;dxPScxExtCommonRS16;dxNavBarRS16;DBXOdbcDriver;dxdbtrRS16;dxSkinFoggyRS16;dxPScxSSLnkRS16;dxSkinDarkSideRS16;dxSkinscxPCPainterRS16;vclactnband;dxPScxSchedulerLnkRS16;dxServerModeRS16;bindcompvcl;dxPSdxDBTVLnkRS16;vclie;dxSkinSilverRS16;dsnapcon;dcldxSkinsCoreRS16;dxSkinLilianRS16;vclx;dxSkinValentineRS16;dxFlowChartRS16;dxGDIPlusRS16;dxSkinSharpPlusRS16;dxdborRS16;dxPScxVGridLnkRS16;dxLayoutControlRS16;dxPScxPivotGridLnkRS16;dxCoreRS16;cxExportRS16;dxBarRS16;dxSkinsdxNavBarPainterRS16;cxSpreadSheetRS16;cxTreeListdxBarPopupMenuRS16;TeeDB;dxDBXServerModeRS16;dxSkinCoffeeRS16;vclib;dxRibbonRS16;DBXSybaseASEDriver;cxTreeListRS16;dxSkinOffice2007SilverRS16;dxSkinsdxRibbonPainterRS16;vcldsnap;dxSkinBlueRS16;DBXDb2Driver;dxSkinDarkRoomRS16;dxSkinscxSchedulerPainterRS16;vcl;dxSkinDevExpressDarkStyleRS16;DBXMSSQLDriver;cxSchedulerGridRS16;webdsnap;dxSkinsdxDLPainterRS16;dxSkinTheAsphaltWorldRS16;dxSkinOffice2010BlackRS16;dxSkinMoneyTwinsRS16;dxSkinPumpkinRS16;adortl;dxSkinHighContrastRS16;dxSkiniMaginaryRS16;dxSkinLondonLiquidSkyRS16;dxPSdxDBOCLnkRS16;dxSkinsdxBarPainterRS16;Tee;dxSkinGlassOceansRS16;dxSkinLiquidSkyRS16;dxSkinsCoreRS16;dxPScxCommonRS16;dxmdsRS16;dxSpellCheckerRS16;dxPSPrVwRibbonRS16;cxGridRS16;cxEditorsRS16;TeeUI;cxPivotGridRS16;dxSkinSevenClassicRS16;cxSchedulerRS16;dxSkinOffice2010SilverRS16;vcltouch;websnap;dxSkinOffice2007PinkRS16;VclSmp;dxSkinSpringTimeRS16;dxTabbedMDIRS16;DataSnapConnectors;dxSkinStardustRS16;dxPSdxOCLnkRS16;dxSkinOffice2010BlueRS16;dxPSdxFCLnkRS16;dxThemeRS16;dxPScxPCProdRS16;dxSkinCaramelRS16;dxSkinMcSkinRS16;dxBarDBNavRS16;$(DCC_UsePackage)</DCC_UsePackage>
		</PropertyGroup>
		<PropertyGroup Condition="'$(Base_Win32)'!=''">
			<DCC_UsePackage>dxTileControlRS16;cxLibraryRS16;dxSkinSevenRS16;dxPsPrVwAdvRS16;dxSkinSummer2008RS16;dxPSCoreRS16;dxPScxTLLnkRS16;dxPScxGridLnkRS16;cxPivotGridOLAPRS16;cxPageControlRS16;dxSkinVS2010RS16;vclimg;dxSkinDevExpressStyleRS16;dxSkinWhiteprintRS16;fmi;dxComnRS16;vcldb;dxSkinBlackRS16;dxADOServerModeRS16;PowerPDF;dxBarExtDBItemsRS16;dxSkinXmas2008BlueRS16;dxSkinOffice2007BlueRS16;dxSkinOffice2007GreenRS16;FmxTeeUI;cxDataRS16;cxBarEditItemRS16;dxDockingRS16;cxPageControldxBarPopupMenuRS16;dxPSDBTeeChartRS16;TVidGrab;dxPSLnksRS16;dxBarExtItemsRS16;dxPSTeeChartRS16;dxPSdxLCLnkRS16;cxVerticalGridRS16;dxSkinSharpRS16;dxSkinOffice2007BlackRS16;PDF;dxorgcRS16;dxSkinBlueprintRS16;dxPScxExtCommonRS16;vcldbx;dxNavBarRS16;DirectX9_;DBXOdbcDriver;dxdbtrRS16;dxSkinFoggyRS16;dxPScxSSLnkRS16;frxDB16;intrawebdb_120_160;dxSkinDarkSideRS16;dxSkinscxPCPainterRS16;fs16;vclactnband;FMXTee;dxPScxSchedulerLnkRS16;dxServerModeRS16;bindcompvcl;dxPSdxDBTVLnkRS16;vclie;dxSkinSilverRS16;dsnapcon;dcldxSkinsCoreRS16;dxSkinLilianRS16;vclx;dxSkinValentineRS16;dxFlowChartRS16;dxGDIPlusRS16;dxSkinSharpPlusRS16;dxdborRS16;dxPScxVGridLnkRS16;dxLayoutControlRS16;dxPScxPivotGridLnkRS16;dxCoreRS16;PDFActive;cxExportRS16;dxBarRS16;dxSkinsdxNavBarPainterRS16;cxSpreadSheetRS16;cxTreeListdxBarPopupMenuRS16;TeeDB;dxDBXServerModeRS16;dxSkinCoffeeRS16;Rave100VCL;vclib;inetdbbde;TCFLib160;dxRibbonRS16;DBXSybaseASEDriver;cxTreeListRS16;dxSkinOffice2007SilverRS16;dxSkinsdxRibbonPainterRS16;vcldsnap;dxSkinBlueRS16;DBXDb2Driver;Intraweb_120_160;vclribbon;frxe16;dxSkinDarkRoomRS16;dxSkinscxSchedulerPainterRS16;vcl;dxSkinDevExpressDarkStyleRS16;DBXMSSQLDriver;CodeSiteExpressPkg;cxSchedulerGridRS16;webdsnap;dxSkinsdxDLPainterRS16;dxSkinTheAsphaltWorldRS16;dxtrmdRS16;PropClockPanel;dxSkinOffice2010BlackRS16;dxSkinMoneyTwinsRS16;dxSkinPumpkinRS16;adortl;dxSkinHighContrastRS16;dxSkiniMaginaryRS16;frx16;dxSkinLondonLiquidSkyRS16;dxPSdxDBOCLnkRS16;dxSkinsdxBarPainterRS16;Tee;dxSkinGlassOceansRS16;dxSkinLiquidSkyRS16;dxSkinsCoreRS16;svnui;cxPivotGridChartRS16;dxPScxCommonRS16;dxmdsRS16;dxSpellCheckerRS16;dxPSPrVwRibbonRS16;cxGridRS16;cxEditorsRS16;TeeUI;cxPivotGridRS16;dxSkinSevenClassicRS16;DirectX9_D7;cxSchedulerRS16;dxSkinOffice2010SilverRS16;vcltouch;websnap;dxSkinOffice2007PinkRS16;VclSmp;dxSkinSpringTimeRS16;dxTabbedMDIRS16;fsDB16;DataSnapConnectors;dxSkinStardustRS16;dxPSdxOCLnkRS16;dxSkinOffice2010BlueRS16;dxPSdxFCLnkRS16;dxThemeRS16;dxPScxPCProdRS16;svn;dxSkinCaramelRS16;bdertl;dxSkinMcSkinRS16;dxBarDBNavRS16;$(DCC_UsePackage)</DCC_UsePackage>
			<VerInfo_IncludeVerInfo>true</VerInfo_IncludeVerInfo>
			<DCC_Namespace>Winapi;System.Win;Data.Win;Datasnap.Win;Web.Win;Soap.Win;Xml.Win;Bde;$(DCC_Namespace)</DCC_Namespace>
			<VerInfo_Locale>1033</VerInfo_Locale>
			<Manifest_File>$(BDS)\bin\default_app.manifest</Manifest_File>
			<VerInfo_Keys>CompanyName=;FileDescription=;FileVersion=1.0.0.0;InternalName=;LegalCopyright=;LegalTrademarks=;OriginalFilename=;ProductName=;ProductVersion=1.0.0.0;Comments=</VerInfo_Keys>
		</PropertyGroup>
		<PropertyGroup Condition="'$(Cfg_1)'!=''">
			<DCC_Define>DEBUG;$(DCC_Define)</DCC_Define>
			<DCC_Optimize>false</DCC_Optimize>
			<DCC_GenerateStackFrames>true</DCC_GenerateStackFrames>
			<DCC_DebugInfoInExe>true</DCC_DebugInfoInExe>
			<DCC_RemoteDebug>true</DCC_RemoteDebug>
		</PropertyGroup>
		<PropertyGroup Condition="'$(Cfg_1_Win32)'!=''">
			<VerInfo_IncludeVerInfo>true</VerInfo_IncludeVerInfo>
			<VerInfo_Locale>1033</VerInfo_Locale>
			<DCC_RemoteDebug>false</DCC_RemoteDebug>
		</PropertyGroup>
		<PropertyGroup Condition="'$(Cfg_2)'!=''">
			<DCC_LocalDebugSymbols>false</DCC_LocalDebugSymbols>
			<DCC_Define>RELEASE;$(DCC_Define)</DCC_Define>
			<DCC_SymbolReferenceInfo>0</DCC_SymbolReferenceInfo>
			<DCC_DebugInformation>false</DCC_DebugInformation>
		</PropertyGroup>
		<ItemGroup>
			<DelphiCompile Include="$(MainSource)">
				<MainSource>MainSource</MainSource>
			</DelphiCompile>
			<DCCReference Include="UServer.pas">
				<Form>FrmServer</Form>
				<FormType>dfm</FormType>
			</DCCReference>
			<DCCReference Include="ServerMethodsUnit.pas">
				<Form>ServerMethods</Form>
				<FormType>dfm</FormType>
				<DesignClass>TDSServerModule</DesignClass>
			</DCCReference>
			<DCCReference Include="ServerContainerUnit.pas">
				<Form>ServerContainer1</Form>
				<FormType>dfm</FormType>
				<DesignClass>TDataModule</DesignClass>
			</DCCReference>
			<BuildConfiguration Include="Release">
				<Key>Cfg_2</Key>
				<CfgParent>Base</CfgParent>
			</BuildConfiguration>
			<BuildConfiguration Include="Base">
				<Key>Base</Key>
			</BuildConfiguration>
			<BuildConfiguration Include="Debug">
				<Key>Cfg_1</Key>
				<CfgParent>Base</CfgParent>
			</BuildConfiguration>
		</ItemGroup>
		<ProjectExtensions>
			<Borland.Personality>Delphi.Personality.12</Borland.Personality>
			<Borland.ProjectType/>
			<BorlandProject>
				<Delphi.Personality>
					<VersionInfo>
						<VersionInfo Name="IncludeVerInfo">False</VersionInfo>
						<VersionInfo Name="AutoIncBuild">False</VersionInfo>
						<VersionInfo Name="MajorVer">1</VersionInfo>
						<VersionInfo Name="MinorVer">0</VersionInfo>
						<VersionInfo Name="Release">0</VersionInfo>
						<VersionInfo Name="Build">0</VersionInfo>
						<VersionInfo Name="Debug">False</VersionInfo>
						<VersionInfo Name="PreRelease">False</VersionInfo>
						<VersionInfo Name="Special">False</VersionInfo>
						<VersionInfo Name="Private">False</VersionInfo>
						<VersionInfo Name="DLL">False</VersionInfo>
						<VersionInfo Name="Locale">1046</VersionInfo>
						<VersionInfo Name="CodePage">1252</VersionInfo>
					</VersionInfo>
					<VersionInfoKeys>
						<VersionInfoKeys Name="CompanyName"/>
						<VersionInfoKeys Name="FileDescription"/>
						<VersionInfoKeys Name="FileVersion">1.0.0.0</VersionInfoKeys>
						<VersionInfoKeys Name="InternalName"/>
						<VersionInfoKeys Name="LegalCopyright"/>
						<VersionInfoKeys Name="LegalTrademarks"/>
						<VersionInfoKeys Name="OriginalFilename"/>
						<VersionInfoKeys Name="ProductName"/>
						<VersionInfoKeys Name="ProductVersion">1.0.0.0</VersionInfoKeys>
						<VersionInfoKeys Name="Comments"/>
					</VersionInfoKeys>
					<Excluded_Packages>
						<Excluded_Packages Name="C:\Users\Public\Documents\RAD Studio\9.0\Bpl\pckDataSnapCustomFilterIndy.bpl">File C:\Users\Public\Documents\RAD Studio\9.0\Bpl\pckDataSnapCustomFilterIndy.bpl not found</Excluded_Packages>
						<Excluded_Packages Name="$(BDSBIN)\bcboffice2k160.bpl">Embarcadero C++Builder Office 2000 Servers Package</Excluded_Packages>
						<Excluded_Packages Name="$(BDSBIN)\bcbofficexp160.bpl">Embarcadero C++Builder Office XP Servers Package</Excluded_Packages>
						<Excluded_Packages Name="$(BDSBIN)\dcloffice2k160.bpl">Microsoft Office 2000 Sample Automation Server Wrapper Components</Excluded_Packages>
						<Excluded_Packages Name="$(BDSBIN)\dclofficexp160.bpl">Microsoft Office XP Sample Automation Server Wrapper Components</Excluded_Packages>
					</Excluded_Packages>
					<Source>
						<Source Name="MainSource">DprServerRSAPC1.dpr</Source>
					</Source>
				</Delphi.Personality>
				<Deployment/>
				<Platforms>
					<Platform value="Win64">False</Platform>
					<Platform value="Win32">True</Platform>
				</Platforms>
			</BorlandProject>
			<ProjectFileVersion>12</ProjectFileVersion>
		</ProjectExtensions>
		<Import Condition="Exists('$(BDS)\Bin\CodeGear.Delphi.Targets')" Project="$(BDS)\Bin\CodeGear.Delphi.Targets"/>
		<Import Condition="Exists('$(APPDATA)\Embarcadero\$(BDSAPPDATABASEDIR)\$(PRODUCTVERSION)\UserTools.proj')" Project="$(APPDATA)\Embarcadero\$(BDSAPPDATABASEDIR)\$(PRODUCTVERSION)\UserTools.proj"/>
	</Project>
